// !$*UTF8*$!
{
	archiveVersion = 1;
	classes = {
	};
	objectVersion = 46;
	objects = {

/* Begin PBXBuildFile section */
		8F00603416715330001E77E5 /* Localizable.strings in Resources */ = {isa = PBXBuildFile; fileRef = 8F00603616715330001E77E5 /* Localizable.strings */; };
		8F1663771672A258003347EA /* Default-Portrait~ipad.png in Resources */ = {isa = PBXBuildFile; fileRef = 8F1663761672A258003347EA /* Default-Portrait~ipad.png */; };
		8F1663791672A25E003347EA /* Default-Landscape~ipad.png in Resources */ = {isa = PBXBuildFile; fileRef = 8F1663781672A25E003347EA /* Default-Landscape~ipad.png */; };
		8F16637B1672A264003347EA /* Default-Portrait@2x~ipad.png in Resources */ = {isa = PBXBuildFile; fileRef = 8F16637A1672A264003347EA /* Default-Portrait@2x~ipad.png */; };
		8F16637D1672A267003347EA /* Default-Landscape@2x~ipad.png in Resources */ = {isa = PBXBuildFile; fileRef = 8F16637C1672A267003347EA /* Default-Landscape@2x~ipad.png */; };
		8F1663821672A7E4003347EA /* favourites.png in Resources */ = {isa = PBXBuildFile; fileRef = 8F16637E1672A7E4003347EA /* favourites.png */; };
		8F1663831672A7E4003347EA /* favourites@2x.png in Resources */ = {isa = PBXBuildFile; fileRef = 8F16637F1672A7E4003347EA /* favourites@2x.png */; };
		8F1663841672A7E4003347EA /* wikiplan.png in Resources */ = {isa = PBXBuildFile; fileRef = 8F1663801672A7E4003347EA /* wikiplan.png */; };
		8F1663851672A7E4003347EA /* wikiplan@2x.png in Resources */ = {isa = PBXBuildFile; fileRef = 8F1663811672A7E4003347EA /* wikiplan@2x.png */; };
		8F1663881672A91C003347EA /* FavouritesNavigationController.m in Sources */ = {isa = PBXBuildFile; fileRef = 8F1663871672A91C003347EA /* FavouritesNavigationController.m */; };
		8F1663921672A9DE003347EA /* FavouritesViewController.m in Sources */ = {isa = PBXBuildFile; fileRef = 8F1663901672A9DE003347EA /* FavouritesViewController.m */; };
		8F1663931672A9DE003347EA /* FavouritesViewController.xib in Resources */ = {isa = PBXBuildFile; fileRef = 8F1663911672A9DE003347EA /* FavouritesViewController.xib */; };
		8F1663A91672B1B6003347EA /* streams_de.html in Resources */ = {isa = PBXBuildFile; fileRef = 8F1663A71672B1B6003347EA /* streams_de.html */; };
		8F1663AA1672B1B6003347EA /* streams_en.html in Resources */ = {isa = PBXBuildFile; fileRef = 8F1663A81672B1B6003347EA /* streams_en.html */; };
		8F1663BB16736871003347EA /* FavouriteManager.m in Sources */ = {isa = PBXBuildFile; fileRef = 8F1663BA16736871003347EA /* FavouriteManager.m */; };
		8F1663BE16736A05003347EA /* FavouriteItem.m in Sources */ = {isa = PBXBuildFile; fileRef = 8F1663BD16736A04003347EA /* FavouriteItem.m */; };
		8F1663CD1675055A003347EA /* EventDetailViewController.m in Sources */ = {isa = PBXBuildFile; fileRef = 8F1663CB16750559003347EA /* EventDetailViewController.m */; };
		8F1663CE1675055A003347EA /* EventDetailViewController.xib in Resources */ = {isa = PBXBuildFile; fileRef = 8F1663CC16750559003347EA /* EventDetailViewController.xib */; };
		8F1663D3167505AE003347EA /* AssemblyDetailViewController.m in Sources */ = {isa = PBXBuildFile; fileRef = 8F1663D1167505AD003347EA /* AssemblyDetailViewController.m */; };
		8F1663D4167505AE003347EA /* AssemblyDetailViewController.xib in Resources */ = {isa = PBXBuildFile; fileRef = 8F1663D2167505AE003347EA /* AssemblyDetailViewController.xib */; };
		8F1663D9167505C5003347EA /* WorkshopDetailViewController.m in Sources */ = {isa = PBXBuildFile; fileRef = 8F1663D7167505C5003347EA /* WorkshopDetailViewController.m */; };
		8F1663DA167505C5003347EA /* WorkshopDetailViewController.xib in Resources */ = {isa = PBXBuildFile; fileRef = 8F1663D8167505C5003347EA /* WorkshopDetailViewController.xib */; };
		8F35652D166B937C00814549 /* UIKit.framework in Frameworks */ = {isa = PBXBuildFile; fileRef = 8F35652C166B937C00814549 /* UIKit.framework */; };
		8F35652F166B937C00814549 /* Foundation.framework in Frameworks */ = {isa = PBXBuildFile; fileRef = 8F35652E166B937C00814549 /* Foundation.framework */; };
		8F356531166B937C00814549 /* CoreGraphics.framework in Frameworks */ = {isa = PBXBuildFile; fileRef = 8F356530166B937C00814549 /* CoreGraphics.framework */; };
		8F356537166B937C00814549 /* InfoPlist.strings in Resources */ = {isa = PBXBuildFile; fileRef = 8F356535166B937C00814549 /* InfoPlist.strings */; };
		8F356539166B937C00814549 /* main.m in Sources */ = {isa = PBXBuildFile; fileRef = 8F356538166B937C00814549 /* main.m */; };
		8F35653D166B937C00814549 /* AppDelegate.m in Sources */ = {isa = PBXBuildFile; fileRef = 8F35653C166B937C00814549 /* AppDelegate.m */; };
		8F35653F166B937C00814549 /* Default.png in Resources */ = {isa = PBXBuildFile; fileRef = 8F35653E166B937C00814549 /* Default.png */; };
		8F356541166B937C00814549 /* Default@2x.png in Resources */ = {isa = PBXBuildFile; fileRef = 8F356540166B937C00814549 /* Default@2x.png */; };
		8F356543166B937C00814549 /* Default-568h@2x.png in Resources */ = {isa = PBXBuildFile; fileRef = 8F356542166B937C00814549 /* Default-568h@2x.png */; };
		8F4B6BCD1671544400AE6880 /* assemblies.json in Resources */ = {isa = PBXBuildFile; fileRef = 8FF921E016702352005A1C55 /* assemblies.json */; };
		8F4B6BCE1671544400AE6880 /* workshops.json in Resources */ = {isa = PBXBuildFile; fileRef = 8FF921E116702352005A1C55 /* workshops.json */; };
		8F754ACF166B93F000F74DBB /* Icon_57.png in Resources */ = {isa = PBXBuildFile; fileRef = 8F754AC9166B93F000F74DBB /* Icon_57.png */; };
		8F754AD0166B93F000F74DBB /* Icon_72.png in Resources */ = {isa = PBXBuildFile; fileRef = 8F754ACA166B93F000F74DBB /* Icon_72.png */; };
		8F754AD1166B93F000F74DBB /* Icon_114.png in Resources */ = {isa = PBXBuildFile; fileRef = 8F754ACB166B93F000F74DBB /* Icon_114.png */; };
		8F754AD2166B93F000F74DBB /* Icon_144.png in Resources */ = {isa = PBXBuildFile; fileRef = 8F754ACC166B93F000F74DBB /* Icon_144.png */; };
		8F754AD3166B93F000F74DBB /* Icon_1024.png in Resources */ = {isa = PBXBuildFile; fileRef = 8F754ACD166B93F000F74DBB /* Icon_1024.png */; };
		8F754AEE166C1E5F00F74DBB /* SourceCodePro-Black.ttf in Resources */ = {isa = PBXBuildFile; fileRef = 8F754AE5166C1E5F00F74DBB /* SourceCodePro-Black.ttf */; };
		8F754AEF166C1E5F00F74DBB /* SourceCodePro-Bold.ttf in Resources */ = {isa = PBXBuildFile; fileRef = 8F754AE6166C1E5F00F74DBB /* SourceCodePro-Bold.ttf */; };
		8F754AF0166C1E5F00F74DBB /* SourceCodePro-ExtraLight.ttf in Resources */ = {isa = PBXBuildFile; fileRef = 8F754AE7166C1E5F00F74DBB /* SourceCodePro-ExtraLight.ttf */; };
		8F754AF1166C1E5F00F74DBB /* SourceCodePro-Light.ttf in Resources */ = {isa = PBXBuildFile; fileRef = 8F754AE8166C1E5F00F74DBB /* SourceCodePro-Light.ttf */; };
		8F754AF2166C1E5F00F74DBB /* SourceCodePro-Regular.ttf in Resources */ = {isa = PBXBuildFile; fileRef = 8F754AE9166C1E5F00F74DBB /* SourceCodePro-Regular.ttf */; };
		8F754AF3166C1E5F00F74DBB /* SourceCodePro-Semibold.ttf in Resources */ = {isa = PBXBuildFile; fileRef = 8F754AEA166C1E5F00F74DBB /* SourceCodePro-Semibold.ttf */; };
		8F754AF9166C1F4300F74DBB /* ScheduleNavigationController.m in Sources */ = {isa = PBXBuildFile; fileRef = 8F754AF7166C1F4300F74DBB /* ScheduleNavigationController.m */; };
		8F754AFE166C1F6D00F74DBB /* ConfigurationNavigationController.m in Sources */ = {isa = PBXBuildFile; fileRef = 8F754AFC166C1F6D00F74DBB /* ConfigurationNavigationController.m */; };
		8F754B04166C221600F74DBB /* plan.png in Resources */ = {isa = PBXBuildFile; fileRef = 8F754B00166C221600F74DBB /* plan.png */; };
		8F754B05166C221600F74DBB /* plan@2x.png in Resources */ = {isa = PBXBuildFile; fileRef = 8F754B01166C221600F74DBB /* plan@2x.png */; };
		8F754B06166C221600F74DBB /* settings.png in Resources */ = {isa = PBXBuildFile; fileRef = 8F754B02166C221600F74DBB /* settings.png */; };
		8F754B07166C221600F74DBB /* settings@2x.png in Resources */ = {isa = PBXBuildFile; fileRef = 8F754B03166C221600F74DBB /* settings@2x.png */; };
		8F754B0B166C22A100F74DBB /* WelcomeViewController.m in Sources */ = {isa = PBXBuildFile; fileRef = 8F754B09166C22A100F74DBB /* WelcomeViewController.m */; };
		8F754B0C166C22A100F74DBB /* WelcomeViewController.xib in Resources */ = {isa = PBXBuildFile; fileRef = 8F754B0A166C22A100F74DBB /* WelcomeViewController.xib */; };
		8F754B14166C279800F74DBB /* EventsViewController.m in Sources */ = {isa = PBXBuildFile; fileRef = 8F754B12166C279800F74DBB /* EventsViewController.m */; };
		8F754B15166C279800F74DBB /* EventsViewController.xib in Resources */ = {isa = PBXBuildFile; fileRef = 8F754B13166C279800F74DBB /* EventsViewController.xib */; };
		8F754B1B166C2B5C00F74DBB /* ConfigurationViewController.m in Sources */ = {isa = PBXBuildFile; fileRef = 8F754B19166C2B5C00F74DBB /* ConfigurationViewController.m */; };
		8F754B1C166C2B5C00F74DBB /* ConfigurationViewController.xib in Resources */ = {isa = PBXBuildFile; fileRef = 8F754B1A166C2B5C00F74DBB /* ConfigurationViewController.xib */; };
		8F754B24166C2F0800F74DBB /* UIColor-Expanded.m in Sources */ = {isa = PBXBuildFile; fileRef = 8F754B23166C2F0800F74DBB /* UIColor-Expanded.m */; };
		8F754B2B166C36A100F74DBB /* GenericViewController.m in Sources */ = {isa = PBXBuildFile; fileRef = 8F754B2A166C36A000F74DBB /* GenericViewController.m */; };
		8F754B3A166D556600F74DBB /* SinaURLConnection.m in Sources */ = {isa = PBXBuildFile; fileRef = 8F754B39166D556600F74DBB /* SinaURLConnection.m */; };
		8F754B4D166D5D0600F74DBB /* UIDevice-Versions.m in Sources */ = {isa = PBXBuildFile; fileRef = 8F754B4C166D5D0600F74DBB /* UIDevice-Versions.m */; };
		8F754B4F166D5D5500F74DBB /* MobileCoreServices.framework in Frameworks */ = {isa = PBXBuildFile; fileRef = 8F754B4E166D5D5500F74DBB /* MobileCoreServices.framework */; };
		8F754B51166D5D6B00F74DBB /* SystemConfiguration.framework in Frameworks */ = {isa = PBXBuildFile; fileRef = 8F754B50166D5D6B00F74DBB /* SystemConfiguration.framework */; };
		8F754B6F166D73B000F74DBB /* Conference.m in Sources */ = {isa = PBXBuildFile; fileRef = 8F754B64166D73B000F74DBB /* Conference.m */; };
		8F754B70166D73B000F74DBB /* Day.m in Sources */ = {isa = PBXBuildFile; fileRef = 8F754B66166D73B000F74DBB /* Day.m */; };
		8F754B71166D73B000F74DBB /* Event.m in Sources */ = {isa = PBXBuildFile; fileRef = 8F754B68166D73B000F74DBB /* Event.m */; };
		8F754B72166D73B000F74DBB /* Link.m in Sources */ = {isa = PBXBuildFile; fileRef = 8F754B6A166D73B000F74DBB /* Link.m */; };
		8F754B73166D73B000F74DBB /* BarfBagParser.m in Sources */ = {isa = PBXBuildFile; fileRef = 8F754B6C166D73B000F74DBB /* BarfBagParser.m */; };
		8F754B74166D73B000F74DBB /* Person.m in Sources */ = {isa = PBXBuildFile; fileRef = 8F754B6E166D73B000F74DBB /* Person.m */; };
		8F754B77166D77E700F74DBB /* RegexKitLite.m in Sources */ = {isa = PBXBuildFile; fileRef = 8F754B76166D77E700F74DBB /* RegexKitLite.m */; };
		8F754B79166D7B4200F74DBB /* libicucore.dylib in Frameworks */ = {isa = PBXBuildFile; fileRef = 8F754B78166D7B4100F74DBB /* libicucore.dylib */; };
		8F754B8F166E828700F74DBB /* NSString-Toolkit.m in Sources */ = {isa = PBXBuildFile; fileRef = 8F754B8E166E828700F74DBB /* NSString-Toolkit.m */; };
		8F754B92166EA46A00F74DBB /* QuartzCore.framework in Frameworks */ = {isa = PBXBuildFile; fileRef = 8F754B91166EA46A00F74DBB /* QuartzCore.framework */; };
		8F754B99166EA65800F74DBB /* GenericTableViewController.m in Sources */ = {isa = PBXBuildFile; fileRef = 8F754B98166EA65600F74DBB /* GenericTableViewController.m */; };
		8F754B9C166EA7EA00F74DBB /* GenericTabBarController.m in Sources */ = {isa = PBXBuildFile; fileRef = 8F754B9B166EA7E800F74DBB /* GenericTabBarController.m */; };
		8F754BB5166EAB5E00F74DBB /* ATMHud.m in Sources */ = {isa = PBXBuildFile; fileRef = 8F754BA9166EAB5E00F74DBB /* ATMHud.m */; };
		8F754BB6166EAB5E00F74DBB /* ATMHudQueueItem.m in Sources */ = {isa = PBXBuildFile; fileRef = 8F754BAC166EAB5E00F74DBB /* ATMHudQueueItem.m */; };
		8F754BB7166EAB5E00F74DBB /* ATMHudView.m in Sources */ = {isa = PBXBuildFile; fileRef = 8F754BAE166EAB5E00F74DBB /* ATMHudView.m */; };
		8F754BB8166EAB5E00F74DBB /* ATMProgressLayer.m in Sources */ = {isa = PBXBuildFile; fileRef = 8F754BB0166EAB5E00F74DBB /* ATMProgressLayer.m */; };
		8F754BB9166EAB5E00F74DBB /* ATMSoundFX.m in Sources */ = {isa = PBXBuildFile; fileRef = 8F754BB2166EAB5E00F74DBB /* ATMSoundFX.m */; };
		8F754BBA166EAB5E00F74DBB /* ATMTextLayer.m in Sources */ = {isa = PBXBuildFile; fileRef = 8F754BB4166EAB5E00F74DBB /* ATMTextLayer.m */; };
		8F754BBC166EADA600F74DBB /* AudioToolbox.framework in Frameworks */ = {isa = PBXBuildFile; fileRef = 8F754BBB166EADA600F74DBB /* AudioToolbox.framework */; };
		8F754BBF166EB0AE00F74DBB /* VideoStreamNavigationController.m in Sources */ = {isa = PBXBuildFile; fileRef = 8F754BBE166EB0AC00F74DBB /* VideoStreamNavigationController.m */; };
		8F754BC4166EB28C00F74DBB /* VideoStreamsViewController.m in Sources */ = {isa = PBXBuildFile; fileRef = 8F754BC2166EB28C00F74DBB /* VideoStreamsViewController.m */; };
		8F754BC5166EB28C00F74DBB /* VideoStreamsViewController.xib in Resources */ = {isa = PBXBuildFile; fileRef = 8F754BC3166EB28C00F74DBB /* VideoStreamsViewController.xib */; };
		8F754BC8166EB47200F74DBB /* video.png in Resources */ = {isa = PBXBuildFile; fileRef = 8F754BC6166EB47200F74DBB /* video.png */; };
		8F754BC9166EB47200F74DBB /* video@2x.png in Resources */ = {isa = PBXBuildFile; fileRef = 8F754BC7166EB47200F74DBB /* video@2x.png */; };
		8F96FCFD1676853600EE0D5B /* GenericDetailViewController.m in Sources */ = {isa = PBXBuildFile; fileRef = 8F96FCFB1676853600EE0D5B /* GenericDetailViewController.m */; };
		8F96FCFE1676853600EE0D5B /* GenericDetailViewController.xib in Resources */ = {isa = PBXBuildFile; fileRef = 8F96FCFC1676853600EE0D5B /* GenericDetailViewController.xib */; };
		8FF9216D166FFD47005A1C55 /* BBJSONConnectOperation.m in Sources */ = {isa = PBXBuildFile; fileRef = 8FF92165166FFD47005A1C55 /* BBJSONConnectOperation.m */; };
		8FF9216E166FFD47005A1C55 /* BBJSONConnector.m in Sources */ = {isa = PBXBuildFile; fileRef = 8FF92167166FFD47005A1C55 /* BBJSONConnector.m */; };
		8FF9216F166FFD47005A1C55 /* BBJSONStatusView.m in Sources */ = {isa = PBXBuildFile; fileRef = 8FF92169166FFD47005A1C55 /* BBJSONStatusView.m */; };
		8FF92170166FFD47005A1C55 /* icon_accepted_48.png in Resources */ = {isa = PBXBuildFile; fileRef = 8FF9216A166FFD47005A1C55 /* icon_accepted_48.png */; };
		8FF92171166FFD47005A1C55 /* icon_cancel_48.png in Resources */ = {isa = PBXBuildFile; fileRef = 8FF9216B166FFD47005A1C55 /* icon_cancel_48.png */; };
		8FF92172166FFD47005A1C55 /* icon_warning_48.png in Resources */ = {isa = PBXBuildFile; fileRef = 8FF9216C166FFD47005A1C55 /* icon_warning_48.png */; };
		8FF92191166FFD4E005A1C55 /* JSONArray.m in Sources */ = {isa = PBXBuildFile; fileRef = 8FF9217A166FFD4E005A1C55 /* JSONArray.m */; };
		8FF92192166FFD4E005A1C55 /* JSONWorkshops.m in Sources */ = {isa = PBXBuildFile; fileRef = 8FF9217C166FFD4E005A1C55 /* JSONWorkshops.m */; };
		8FF92193166FFD4E005A1C55 /* JSONProperties.m in Sources */ = {isa = PBXBuildFile; fileRef = 8FF9217E166FFD4E005A1C55 /* JSONProperties.m */; };
		8FF921A5166FFD89005A1C55 /* JTDateMappings.m in Sources */ = {isa = PBXBuildFile; fileRef = 8FF9219E166FFD89005A1C55 /* JTDateMappings.m */; };
		8FF921A6166FFD89005A1C55 /* JTISO8601DateFormatter.m in Sources */ = {isa = PBXBuildFile; fileRef = 8FF921A0166FFD89005A1C55 /* JTISO8601DateFormatter.m */; };
		8FF921A7166FFD89005A1C55 /* JTMappings.m in Sources */ = {isa = PBXBuildFile; fileRef = 8FF921A2166FFD89005A1C55 /* JTMappings.m */; };
		8FF921A8166FFD89005A1C55 /* NSObject+JTObjectMapping.m in Sources */ = {isa = PBXBuildFile; fileRef = 8FF921A4166FFD89005A1C55 /* NSObject+JTObjectMapping.m */; };
		8FF921AA16700D7E005A1C55 /* JSONWorkshop.m in Sources */ = {isa = PBXBuildFile; fileRef = 8FF921A916700D7E005A1C55 /* JSONWorkshop.m */; };
		8FF921AF1670107E005A1C55 /* JSONAssemblies.m in Sources */ = {isa = PBXBuildFile; fileRef = 8FF921AC1670107D005A1C55 /* JSONAssemblies.m */; };
		8FF921B01670107E005A1C55 /* JSONAssembly.m in Sources */ = {isa = PBXBuildFile; fileRef = 8FF921AE1670107E005A1C55 /* JSONAssembly.m */; };
		8FF921C916701905005A1C55 /* ASIAuthenticationDialog.m in Sources */ = {isa = PBXBuildFile; fileRef = 8FF921B316701905005A1C55 /* ASIAuthenticationDialog.m */; };
		8FF921CA16701905005A1C55 /* ASIDataCompressor.m in Sources */ = {isa = PBXBuildFile; fileRef = 8FF921B616701905005A1C55 /* ASIDataCompressor.m */; };
		8FF921CB16701905005A1C55 /* ASIDataDecompressor.m in Sources */ = {isa = PBXBuildFile; fileRef = 8FF921B816701905005A1C55 /* ASIDataDecompressor.m */; };
		8FF921CC16701905005A1C55 /* ASIDownloadCache.m in Sources */ = {isa = PBXBuildFile; fileRef = 8FF921BA16701905005A1C55 /* ASIDownloadCache.m */; };
		8FF921CD16701905005A1C55 /* ASIFormDataRequest.m in Sources */ = {isa = PBXBuildFile; fileRef = 8FF921BC16701905005A1C55 /* ASIFormDataRequest.m */; };
		8FF921CE16701905005A1C55 /* ASIHTTPRequest.m in Sources */ = {isa = PBXBuildFile; fileRef = 8FF921BE16701905005A1C55 /* ASIHTTPRequest.m */; };
		8FF921CF16701905005A1C55 /* ASIInputStream.m in Sources */ = {isa = PBXBuildFile; fileRef = 8FF921C216701905005A1C55 /* ASIInputStream.m */; };
		8FF921D016701905005A1C55 /* ASINetworkQueue.m in Sources */ = {isa = PBXBuildFile; fileRef = 8FF921C416701905005A1C55 /* ASINetworkQueue.m */; };
		8FF921D116701905005A1C55 /* Reachability.m in Sources */ = {isa = PBXBuildFile; fileRef = 8FF921C816701905005A1C55 /* Reachability.m */; };
		8FF921D3167019AD005A1C55 /* CFNetwork.framework in Frameworks */ = {isa = PBXBuildFile; fileRef = 8FF921D2167019AD005A1C55 /* CFNetwork.framework */; };
		8FF921D5167019BF005A1C55 /* libz.dylib in Frameworks */ = {isa = PBXBuildFile; fileRef = 8FF921D4167019BE005A1C55 /* libz.dylib */; };
		8FF921D916701A43005A1C55 /* ScheduleSemanticNavigationController.m in Sources */ = {isa = PBXBuildFile; fileRef = 8FF921D816701A43005A1C55 /* ScheduleSemanticNavigationController.m */; };
		8FF921DD16701A8F005A1C55 /* SemanticItemsViewController.m in Sources */ = {isa = PBXBuildFile; fileRef = 8FF921DB16701A8F005A1C55 /* SemanticItemsViewController.m */; };
		8FF921DE16701A8F005A1C55 /* SemanticItemsViewController.xib in Resources */ = {isa = PBXBuildFile; fileRef = 8FF921DC16701A8F005A1C55 /* SemanticItemsViewController.xib */; };
		8FF921FA167024A5005A1C55 /* NSObject+SBJson.m in Sources */ = {isa = PBXBuildFile; fileRef = 8FF921E4167024A5005A1C55 /* NSObject+SBJson.m */; };
		8FF921FB167024A5005A1C55 /* SBJsonParser.m in Sources */ = {isa = PBXBuildFile; fileRef = 8FF921E7167024A5005A1C55 /* SBJsonParser.m */; };
		8FF921FC167024A5005A1C55 /* SBJsonStreamParser.m in Sources */ = {isa = PBXBuildFile; fileRef = 8FF921E9167024A5005A1C55 /* SBJsonStreamParser.m */; };
		8FF921FD167024A5005A1C55 /* SBJsonStreamParserAccumulator.m in Sources */ = {isa = PBXBuildFile; fileRef = 8FF921EB167024A5005A1C55 /* SBJsonStreamParserAccumulator.m */; };
		8FF921FE167024A5005A1C55 /* SBJsonStreamParserState.m in Sources */ = {isa = PBXBuildFile; fileRef = 8FF921ED167024A5005A1C55 /* SBJsonStreamParserState.m */; };
		8FF921FF167024A5005A1C55 /* SBJsonStreamWriter.m in Sources */ = {isa = PBXBuildFile; fileRef = 8FF921EF167024A5005A1C55 /* SBJsonStreamWriter.m */; };
		8FF92200167024A5005A1C55 /* SBJsonStreamWriterAccumulator.m in Sources */ = {isa = PBXBuildFile; fileRef = 8FF921F1167024A5005A1C55 /* SBJsonStreamWriterAccumulator.m */; };
		8FF92201167024A5005A1C55 /* SBJsonStreamWriterState.m in Sources */ = {isa = PBXBuildFile; fileRef = 8FF921F3167024A5005A1C55 /* SBJsonStreamWriterState.m */; };
		8FF92202167024A5005A1C55 /* SBJsonTokeniser.m in Sources */ = {isa = PBXBuildFile; fileRef = 8FF921F5167024A5005A1C55 /* SBJsonTokeniser.m */; };
		8FF92203167024A5005A1C55 /* SBJsonUTF8Stream.m in Sources */ = {isa = PBXBuildFile; fileRef = 8FF921F7167024A5005A1C55 /* SBJsonUTF8Stream.m */; };
		8FF92204167024A5005A1C55 /* SBJsonWriter.m in Sources */ = {isa = PBXBuildFile; fileRef = 8FF921F9167024A5005A1C55 /* SBJsonWriter.m */; };
		E8E5D8231678B9AC00590612 /* config_remote.plist in Resources */ = {isa = PBXBuildFile; fileRef = E8E5D8221678B9AC00590612 /* config_remote.plist */; };
		E8F0F5561678C8E70081A972 /* MasterConfig.m in Sources */ = {isa = PBXBuildFile; fileRef = E8F0F5551678C8E70081A972 /* MasterConfig.m */; };
		FD1B947D16774BAD0021A58A /* MKiCloudSync.m in Sources */ = {isa = PBXBuildFile; fileRef = FD1B947C16774BAD0021A58A /* MKiCloudSync.m */; };
/* End PBXBuildFile section */

/* Begin PBXFileReference section */
		8F00603516715330001E77E5 /* en */ = {isa = PBXFileReference; lastKnownFileType = text.plist.strings; name = en; path = en.lproj/Localizable.strings; sourceTree = "<group>"; };
		8F1663761672A258003347EA /* Default-Portrait~ipad.png */ = {isa = PBXFileReference; lastKnownFileType = image.png; name = "Default-Portrait~ipad.png"; path = "../Default-Portrait~ipad.png"; sourceTree = "<group>"; };
		8F1663781672A25E003347EA /* Default-Landscape~ipad.png */ = {isa = PBXFileReference; lastKnownFileType = image.png; name = "Default-Landscape~ipad.png"; path = "../Default-Landscape~ipad.png"; sourceTree = "<group>"; };
		8F16637A1672A264003347EA /* Default-Portrait@2x~ipad.png */ = {isa = PBXFileReference; lastKnownFileType = image.png; name = "Default-Portrait@2x~ipad.png"; path = "../Default-Portrait@2x~ipad.png"; sourceTree = "<group>"; };
		8F16637C1672A267003347EA /* Default-Landscape@2x~ipad.png */ = {isa = PBXFileReference; lastKnownFileType = image.png; name = "Default-Landscape@2x~ipad.png"; path = "../Default-Landscape@2x~ipad.png"; sourceTree = "<group>"; };
		8F16637E1672A7E4003347EA /* favourites.png */ = {isa = PBXFileReference; lastKnownFileType = image.png; name = favourites.png; path = images/favourites.png; sourceTree = SOURCE_ROOT; };
		8F16637F1672A7E4003347EA /* favourites@2x.png */ = {isa = PBXFileReference; lastKnownFileType = image.png; name = "favourites@2x.png"; path = "images/favourites@2x.png"; sourceTree = SOURCE_ROOT; };
		8F1663801672A7E4003347EA /* wikiplan.png */ = {isa = PBXFileReference; lastKnownFileType = image.png; name = wikiplan.png; path = images/wikiplan.png; sourceTree = SOURCE_ROOT; };
		8F1663811672A7E4003347EA /* wikiplan@2x.png */ = {isa = PBXFileReference; lastKnownFileType = image.png; name = "wikiplan@2x.png"; path = "images/wikiplan@2x.png"; sourceTree = SOURCE_ROOT; };
		8F1663861672A91C003347EA /* FavouritesNavigationController.h */ = {isa = PBXFileReference; fileEncoding = 4; lastKnownFileType = sourcecode.c.h; path = FavouritesNavigationController.h; sourceTree = "<group>"; };
		8F1663871672A91C003347EA /* FavouritesNavigationController.m */ = {isa = PBXFileReference; fileEncoding = 4; lastKnownFileType = sourcecode.c.objc; path = FavouritesNavigationController.m; sourceTree = "<group>"; };
		8F16638F1672A9DE003347EA /* FavouritesViewController.h */ = {isa = PBXFileReference; fileEncoding = 4; lastKnownFileType = sourcecode.c.h; path = FavouritesViewController.h; sourceTree = "<group>"; };
		8F1663901672A9DE003347EA /* FavouritesViewController.m */ = {isa = PBXFileReference; fileEncoding = 4; lastKnownFileType = sourcecode.c.objc; path = FavouritesViewController.m; sourceTree = "<group>"; };
		8F1663911672A9DE003347EA /* FavouritesViewController.xib */ = {isa = PBXFileReference; fileEncoding = 4; lastKnownFileType = file.xib; path = FavouritesViewController.xib; sourceTree = "<group>"; };
		8F1663A71672B1B6003347EA /* streams_de.html */ = {isa = PBXFileReference; fileEncoding = 4; lastKnownFileType = text.html; path = streams_de.html; sourceTree = "<group>"; };
		8F1663A81672B1B6003347EA /* streams_en.html */ = {isa = PBXFileReference; fileEncoding = 4; lastKnownFileType = text.html; path = streams_en.html; sourceTree = "<group>"; };
		8F1663AF1672D900003347EA /* streams_de_remote.html */ = {isa = PBXFileReference; lastKnownFileType = text.html; path = streams_de_remote.html; sourceTree = "<group>"; };
		8F1663B01672D900003347EA /* streams_en_remote.html */ = {isa = PBXFileReference; lastKnownFileType = text.html; path = streams_en_remote.html; sourceTree = "<group>"; };
		8F1663B916736870003347EA /* FavouriteManager.h */ = {isa = PBXFileReference; fileEncoding = 4; lastKnownFileType = sourcecode.c.h; lineEnding = 0; path = FavouriteManager.h; sourceTree = "<group>"; xcLanguageSpecificationIdentifier = xcode.lang.objcpp; };
		8F1663BA16736871003347EA /* FavouriteManager.m */ = {isa = PBXFileReference; fileEncoding = 4; lastKnownFileType = sourcecode.c.objc; lineEnding = 0; path = FavouriteManager.m; sourceTree = "<group>"; xcLanguageSpecificationIdentifier = xcode.lang.objc; };
		8F1663BC16736A04003347EA /* FavouriteItem.h */ = {isa = PBXFileReference; fileEncoding = 4; lastKnownFileType = sourcecode.c.h; lineEnding = 0; path = FavouriteItem.h; sourceTree = "<group>"; xcLanguageSpecificationIdentifier = xcode.lang.objcpp; };
		8F1663BD16736A04003347EA /* FavouriteItem.m */ = {isa = PBXFileReference; fileEncoding = 4; lastKnownFileType = sourcecode.c.objc; lineEnding = 0; path = FavouriteItem.m; sourceTree = "<group>"; xcLanguageSpecificationIdentifier = xcode.lang.objc; };
		8F1663C31673C906003347EA /* scram29c3.js */ = {isa = PBXFileReference; fileEncoding = 4; lastKnownFileType = sourcecode.javascript; path = scram29c3.js; sourceTree = "<group>"; };
		8F1663CA16750559003347EA /* EventDetailViewController.h */ = {isa = PBXFileReference; fileEncoding = 4; lastKnownFileType = sourcecode.c.h; path = EventDetailViewController.h; sourceTree = "<group>"; };
		8F1663CB16750559003347EA /* EventDetailViewController.m */ = {isa = PBXFileReference; fileEncoding = 4; lastKnownFileType = sourcecode.c.objc; path = EventDetailViewController.m; sourceTree = "<group>"; };
		8F1663CC16750559003347EA /* EventDetailViewController.xib */ = {isa = PBXFileReference; fileEncoding = 4; lastKnownFileType = file.xib; path = EventDetailViewController.xib; sourceTree = "<group>"; };
		8F1663D0167505AD003347EA /* AssemblyDetailViewController.h */ = {isa = PBXFileReference; fileEncoding = 4; lastKnownFileType = sourcecode.c.h; path = AssemblyDetailViewController.h; sourceTree = "<group>"; };
		8F1663D1167505AD003347EA /* AssemblyDetailViewController.m */ = {isa = PBXFileReference; fileEncoding = 4; lastKnownFileType = sourcecode.c.objc; path = AssemblyDetailViewController.m; sourceTree = "<group>"; };
		8F1663D2167505AE003347EA /* AssemblyDetailViewController.xib */ = {isa = PBXFileReference; fileEncoding = 4; lastKnownFileType = file.xib; path = AssemblyDetailViewController.xib; sourceTree = "<group>"; };
		8F1663D6167505C5003347EA /* WorkshopDetailViewController.h */ = {isa = PBXFileReference; fileEncoding = 4; lastKnownFileType = sourcecode.c.h; path = WorkshopDetailViewController.h; sourceTree = "<group>"; };
		8F1663D7167505C5003347EA /* WorkshopDetailViewController.m */ = {isa = PBXFileReference; fileEncoding = 4; lastKnownFileType = sourcecode.c.objc; path = WorkshopDetailViewController.m; sourceTree = "<group>"; };
		8F1663D8167505C5003347EA /* WorkshopDetailViewController.xib */ = {isa = PBXFileReference; fileEncoding = 4; lastKnownFileType = file.xib; path = WorkshopDetailViewController.xib; sourceTree = "<group>"; };
		8F356528166B937C00814549 /* barfbag.app */ = {isa = PBXFileReference; explicitFileType = wrapper.application; includeInIndex = 0; path = barfbag.app; sourceTree = BUILT_PRODUCTS_DIR; };
		8F35652C166B937C00814549 /* UIKit.framework */ = {isa = PBXFileReference; lastKnownFileType = wrapper.framework; name = UIKit.framework; path = System/Library/Frameworks/UIKit.framework; sourceTree = SDKROOT; };
		8F35652E166B937C00814549 /* Foundation.framework */ = {isa = PBXFileReference; lastKnownFileType = wrapper.framework; name = Foundation.framework; path = System/Library/Frameworks/Foundation.framework; sourceTree = SDKROOT; };
		8F356530166B937C00814549 /* CoreGraphics.framework */ = {isa = PBXFileReference; lastKnownFileType = wrapper.framework; name = CoreGraphics.framework; path = System/Library/Frameworks/CoreGraphics.framework; sourceTree = SDKROOT; };
		8F356534166B937C00814549 /* barfbag-Info.plist */ = {isa = PBXFileReference; lastKnownFileType = text.plist.xml; path = "barfbag-Info.plist"; sourceTree = "<group>"; };
		8F356536166B937C00814549 /* en */ = {isa = PBXFileReference; lastKnownFileType = text.plist.strings; name = en; path = en.lproj/InfoPlist.strings; sourceTree = "<group>"; };
		8F356538166B937C00814549 /* main.m */ = {isa = PBXFileReference; fileEncoding = 4; lastKnownFileType = sourcecode.c.objc; path = main.m; sourceTree = "<group>"; };
		8F35653A166B937C00814549 /* barfbag-Prefix.pch */ = {isa = PBXFileReference; lastKnownFileType = sourcecode.c.h; name = "barfbag-Prefix.pch"; path = "barfbag/barfbag-Prefix.pch"; sourceTree = "<group>"; };
		8F35653B166B937C00814549 /* AppDelegate.h */ = {isa = PBXFileReference; lastKnownFileType = sourcecode.c.h; path = AppDelegate.h; sourceTree = "<group>"; };
		8F35653C166B937C00814549 /* AppDelegate.m */ = {isa = PBXFileReference; lastKnownFileType = sourcecode.c.objc; path = AppDelegate.m; sourceTree = "<group>"; };
		8F35653E166B937C00814549 /* Default.png */ = {isa = PBXFileReference; lastKnownFileType = image.png; path = Default.png; sourceTree = "<group>"; };
		8F356540166B937C00814549 /* Default@2x.png */ = {isa = PBXFileReference; lastKnownFileType = image.png; path = "Default@2x.png"; sourceTree = "<group>"; };
		8F356542166B937C00814549 /* Default-568h@2x.png */ = {isa = PBXFileReference; lastKnownFileType = image.png; path = "Default-568h@2x.png"; sourceTree = "<group>"; };
		8F4B6BCC1671544400AE6880 /* de */ = {isa = PBXFileReference; lastKnownFileType = text.plist.strings; name = de; path = de.lproj/Localizable.strings; sourceTree = "<group>"; };
		8F4B6BCF1671545C00AE6880 /* de */ = {isa = PBXFileReference; lastKnownFileType = text.plist.strings; name = de; path = de.lproj/InfoPlist.strings; sourceTree = "<group>"; };
		8F754AC9166B93F000F74DBB /* Icon_57.png */ = {isa = PBXFileReference; lastKnownFileType = image.png; path = Icon_57.png; sourceTree = "<group>"; };
		8F754ACA166B93F000F74DBB /* Icon_72.png */ = {isa = PBXFileReference; lastKnownFileType = image.png; path = Icon_72.png; sourceTree = "<group>"; };
		8F754ACB166B93F000F74DBB /* Icon_114.png */ = {isa = PBXFileReference; lastKnownFileType = image.png; path = Icon_114.png; sourceTree = "<group>"; };
		8F754ACC166B93F000F74DBB /* Icon_144.png */ = {isa = PBXFileReference; lastKnownFileType = image.png; path = Icon_144.png; sourceTree = "<group>"; };
		8F754ACD166B93F000F74DBB /* Icon_1024.png */ = {isa = PBXFileReference; lastKnownFileType = image.png; path = Icon_1024.png; sourceTree = "<group>"; };
		8F754AE3166C1E5F00F74DBB /* LICENSE.txt */ = {isa = PBXFileReference; fileEncoding = 4; lastKnownFileType = text; path = LICENSE.txt; sourceTree = "<group>"; };
		8F754AE4166C1E5F00F74DBB /* ReadMe.html */ = {isa = PBXFileReference; fileEncoding = 4; lastKnownFileType = text.html; path = ReadMe.html; sourceTree = "<group>"; };
		8F754AE5166C1E5F00F74DBB /* SourceCodePro-Black.ttf */ = {isa = PBXFileReference; lastKnownFileType = file; path = "SourceCodePro-Black.ttf"; sourceTree = "<group>"; };
		8F754AE6166C1E5F00F74DBB /* SourceCodePro-Bold.ttf */ = {isa = PBXFileReference; lastKnownFileType = file; path = "SourceCodePro-Bold.ttf"; sourceTree = "<group>"; };
		8F754AE7166C1E5F00F74DBB /* SourceCodePro-ExtraLight.ttf */ = {isa = PBXFileReference; lastKnownFileType = file; path = "SourceCodePro-ExtraLight.ttf"; sourceTree = "<group>"; };
		8F754AE8166C1E5F00F74DBB /* SourceCodePro-Light.ttf */ = {isa = PBXFileReference; lastKnownFileType = file; path = "SourceCodePro-Light.ttf"; sourceTree = "<group>"; };
		8F754AE9166C1E5F00F74DBB /* SourceCodePro-Regular.ttf */ = {isa = PBXFileReference; lastKnownFileType = file; path = "SourceCodePro-Regular.ttf"; sourceTree = "<group>"; };
		8F754AEA166C1E5F00F74DBB /* SourceCodePro-Semibold.ttf */ = {isa = PBXFileReference; lastKnownFileType = file; path = "SourceCodePro-Semibold.ttf"; sourceTree = "<group>"; };
		8F754AEB166C1E5F00F74DBB /* SourceCodeProReadMe.html */ = {isa = PBXFileReference; fileEncoding = 4; lastKnownFileType = text.html; path = SourceCodeProReadMe.html; sourceTree = "<group>"; };
		8F754AF6166C1F4300F74DBB /* ScheduleNavigationController.h */ = {isa = PBXFileReference; fileEncoding = 4; lastKnownFileType = sourcecode.c.h; path = ScheduleNavigationController.h; sourceTree = "<group>"; };
		8F754AF7166C1F4300F74DBB /* ScheduleNavigationController.m */ = {isa = PBXFileReference; fileEncoding = 4; lastKnownFileType = sourcecode.c.objc; path = ScheduleNavigationController.m; sourceTree = "<group>"; };
		8F754AFB166C1F6D00F74DBB /* ConfigurationNavigationController.h */ = {isa = PBXFileReference; fileEncoding = 4; lastKnownFileType = sourcecode.c.h; path = ConfigurationNavigationController.h; sourceTree = "<group>"; };
		8F754AFC166C1F6D00F74DBB /* ConfigurationNavigationController.m */ = {isa = PBXFileReference; fileEncoding = 4; lastKnownFileType = sourcecode.c.objc; path = ConfigurationNavigationController.m; sourceTree = "<group>"; };
		8F754B00166C221600F74DBB /* plan.png */ = {isa = PBXFileReference; lastKnownFileType = image.png; name = plan.png; path = images/plan.png; sourceTree = SOURCE_ROOT; };
		8F754B01166C221600F74DBB /* plan@2x.png */ = {isa = PBXFileReference; lastKnownFileType = image.png; name = "plan@2x.png"; path = "images/plan@2x.png"; sourceTree = SOURCE_ROOT; };
		8F754B02166C221600F74DBB /* settings.png */ = {isa = PBXFileReference; lastKnownFileType = image.png; name = settings.png; path = images/settings.png; sourceTree = SOURCE_ROOT; };
		8F754B03166C221600F74DBB /* settings@2x.png */ = {isa = PBXFileReference; lastKnownFileType = image.png; name = "settings@2x.png"; path = "images/settings@2x.png"; sourceTree = SOURCE_ROOT; };
		8F754B08166C22A100F74DBB /* WelcomeViewController.h */ = {isa = PBXFileReference; fileEncoding = 4; lastKnownFileType = sourcecode.c.h; path = WelcomeViewController.h; sourceTree = "<group>"; };
		8F754B09166C22A100F74DBB /* WelcomeViewController.m */ = {isa = PBXFileReference; fileEncoding = 4; lastKnownFileType = sourcecode.c.objc; path = WelcomeViewController.m; sourceTree = "<group>"; };
		8F754B0A166C22A100F74DBB /* WelcomeViewController.xib */ = {isa = PBXFileReference; fileEncoding = 4; lastKnownFileType = file.xib; path = WelcomeViewController.xib; sourceTree = "<group>"; };
		8F754B11166C279800F74DBB /* EventsViewController.h */ = {isa = PBXFileReference; fileEncoding = 4; lastKnownFileType = sourcecode.c.h; path = EventsViewController.h; sourceTree = "<group>"; };
		8F754B12166C279800F74DBB /* EventsViewController.m */ = {isa = PBXFileReference; fileEncoding = 4; lastKnownFileType = sourcecode.c.objc; path = EventsViewController.m; sourceTree = "<group>"; };
		8F754B13166C279800F74DBB /* EventsViewController.xib */ = {isa = PBXFileReference; fileEncoding = 4; lastKnownFileType = file.xib; path = EventsViewController.xib; sourceTree = "<group>"; };
		8F754B18166C2B5C00F74DBB /* ConfigurationViewController.h */ = {isa = PBXFileReference; fileEncoding = 4; lastKnownFileType = sourcecode.c.h; path = ConfigurationViewController.h; sourceTree = "<group>"; };
		8F754B19166C2B5C00F74DBB /* ConfigurationViewController.m */ = {isa = PBXFileReference; fileEncoding = 4; lastKnownFileType = sourcecode.c.objc; path = ConfigurationViewController.m; sourceTree = "<group>"; };
		8F754B1A166C2B5C00F74DBB /* ConfigurationViewController.xib */ = {isa = PBXFileReference; fileEncoding = 4; lastKnownFileType = file.xib; path = ConfigurationViewController.xib; sourceTree = "<group>"; };
		8F754B22166C2F0800F74DBB /* UIColor-Expanded.h */ = {isa = PBXFileReference; fileEncoding = 4; lastKnownFileType = sourcecode.c.h; path = "UIColor-Expanded.h"; sourceTree = "<group>"; };
		8F754B23166C2F0800F74DBB /* UIColor-Expanded.m */ = {isa = PBXFileReference; fileEncoding = 4; lastKnownFileType = sourcecode.c.objc; path = "UIColor-Expanded.m"; sourceTree = "<group>"; };
		8F754B29166C36A000F74DBB /* GenericViewController.h */ = {isa = PBXFileReference; fileEncoding = 4; lastKnownFileType = sourcecode.c.h; path = GenericViewController.h; sourceTree = "<group>"; };
		8F754B2A166C36A000F74DBB /* GenericViewController.m */ = {isa = PBXFileReference; fileEncoding = 4; lastKnownFileType = sourcecode.c.objc; path = GenericViewController.m; sourceTree = "<group>"; };
		8F754B38166D556600F74DBB /* SinaURLConnection.h */ = {isa = PBXFileReference; fileEncoding = 4; lastKnownFileType = sourcecode.c.h; path = SinaURLConnection.h; sourceTree = "<group>"; };
		8F754B39166D556600F74DBB /* SinaURLConnection.m */ = {isa = PBXFileReference; fileEncoding = 4; lastKnownFileType = sourcecode.c.objc; path = SinaURLConnection.m; sourceTree = "<group>"; };
		8F754B4B166D5D0600F74DBB /* UIDevice-Versions.h */ = {isa = PBXFileReference; fileEncoding = 4; lastKnownFileType = sourcecode.c.h; path = "UIDevice-Versions.h"; sourceTree = "<group>"; };
		8F754B4C166D5D0600F74DBB /* UIDevice-Versions.m */ = {isa = PBXFileReference; fileEncoding = 4; lastKnownFileType = sourcecode.c.objc; path = "UIDevice-Versions.m"; sourceTree = "<group>"; };
		8F754B4E166D5D5500F74DBB /* MobileCoreServices.framework */ = {isa = PBXFileReference; lastKnownFileType = wrapper.framework; name = MobileCoreServices.framework; path = System/Library/Frameworks/MobileCoreServices.framework; sourceTree = SDKROOT; };
		8F754B50166D5D6B00F74DBB /* SystemConfiguration.framework */ = {isa = PBXFileReference; lastKnownFileType = wrapper.framework; name = SystemConfiguration.framework; path = System/Library/Frameworks/SystemConfiguration.framework; sourceTree = SDKROOT; };
		8F754B63166D73B000F74DBB /* Conference.h */ = {isa = PBXFileReference; fileEncoding = 4; lastKnownFileType = sourcecode.c.h; path = Conference.h; sourceTree = "<group>"; };
		8F754B64166D73B000F74DBB /* Conference.m */ = {isa = PBXFileReference; fileEncoding = 4; lastKnownFileType = sourcecode.c.objc; path = Conference.m; sourceTree = "<group>"; };
		8F754B65166D73B000F74DBB /* Day.h */ = {isa = PBXFileReference; fileEncoding = 4; lastKnownFileType = sourcecode.c.h; path = Day.h; sourceTree = "<group>"; };
		8F754B66166D73B000F74DBB /* Day.m */ = {isa = PBXFileReference; fileEncoding = 4; lastKnownFileType = sourcecode.c.objc; path = Day.m; sourceTree = "<group>"; };
		8F754B67166D73B000F74DBB /* Event.h */ = {isa = PBXFileReference; fileEncoding = 4; lastKnownFileType = sourcecode.c.h; path = Event.h; sourceTree = "<group>"; };
		8F754B68166D73B000F74DBB /* Event.m */ = {isa = PBXFileReference; fileEncoding = 4; lastKnownFileType = sourcecode.c.objc; path = Event.m; sourceTree = "<group>"; };
		8F754B69166D73B000F74DBB /* Link.h */ = {isa = PBXFileReference; fileEncoding = 4; lastKnownFileType = sourcecode.c.h; path = Link.h; sourceTree = "<group>"; };
		8F754B6A166D73B000F74DBB /* Link.m */ = {isa = PBXFileReference; fileEncoding = 4; lastKnownFileType = sourcecode.c.objc; path = Link.m; sourceTree = "<group>"; };
		8F754B6B166D73B000F74DBB /* BarfBagParser.h */ = {isa = PBXFileReference; fileEncoding = 4; lastKnownFileType = sourcecode.c.h; path = BarfBagParser.h; sourceTree = "<group>"; };
		8F754B6C166D73B000F74DBB /* BarfBagParser.m */ = {isa = PBXFileReference; fileEncoding = 4; lastKnownFileType = sourcecode.c.objc; path = BarfBagParser.m; sourceTree = "<group>"; };
		8F754B6D166D73B000F74DBB /* Person.h */ = {isa = PBXFileReference; fileEncoding = 4; lastKnownFileType = sourcecode.c.h; path = Person.h; sourceTree = "<group>"; };
		8F754B6E166D73B000F74DBB /* Person.m */ = {isa = PBXFileReference; fileEncoding = 4; lastKnownFileType = sourcecode.c.objc; path = Person.m; sourceTree = "<group>"; };
		8F754B75166D77E500F74DBB /* RegexKitLite.h */ = {isa = PBXFileReference; fileEncoding = 4; lastKnownFileType = sourcecode.c.h; path = RegexKitLite.h; sourceTree = "<group>"; };
		8F754B76166D77E700F74DBB /* RegexKitLite.m */ = {isa = PBXFileReference; fileEncoding = 4; lastKnownFileType = sourcecode.c.objc; path = RegexKitLite.m; sourceTree = "<group>"; };
		8F754B78166D7B4100F74DBB /* libicucore.dylib */ = {isa = PBXFileReference; lastKnownFileType = "compiled.mach-o.dylib"; name = libicucore.dylib; path = usr/lib/libicucore.dylib; sourceTree = SDKROOT; };
		8F754B8D166E828700F74DBB /* NSString-Toolkit.h */ = {isa = PBXFileReference; fileEncoding = 4; lastKnownFileType = sourcecode.c.h; path = "NSString-Toolkit.h"; sourceTree = "<group>"; };
		8F754B8E166E828700F74DBB /* NSString-Toolkit.m */ = {isa = PBXFileReference; fileEncoding = 4; lastKnownFileType = sourcecode.c.objc; path = "NSString-Toolkit.m"; sourceTree = "<group>"; };
		8F754B91166EA46A00F74DBB /* QuartzCore.framework */ = {isa = PBXFileReference; lastKnownFileType = wrapper.framework; name = QuartzCore.framework; path = System/Library/Frameworks/QuartzCore.framework; sourceTree = SDKROOT; };
		8F754B97166EA65400F74DBB /* GenericTableViewController.h */ = {isa = PBXFileReference; fileEncoding = 4; lastKnownFileType = sourcecode.c.h; path = GenericTableViewController.h; sourceTree = "<group>"; };
		8F754B98166EA65600F74DBB /* GenericTableViewController.m */ = {isa = PBXFileReference; fileEncoding = 4; lastKnownFileType = sourcecode.c.objc; path = GenericTableViewController.m; sourceTree = "<group>"; };
		8F754B9A166EA7E600F74DBB /* GenericTabBarController.h */ = {isa = PBXFileReference; fileEncoding = 4; lastKnownFileType = sourcecode.c.h; path = GenericTabBarController.h; sourceTree = "<group>"; };
		8F754B9B166EA7E800F74DBB /* GenericTabBarController.m */ = {isa = PBXFileReference; fileEncoding = 4; lastKnownFileType = sourcecode.c.objc; path = GenericTabBarController.m; sourceTree = "<group>"; };
		8F754BA8166EAB5E00F74DBB /* ATMHud.h */ = {isa = PBXFileReference; fileEncoding = 4; lastKnownFileType = sourcecode.c.h; path = ATMHud.h; sourceTree = "<group>"; };
		8F754BA9166EAB5E00F74DBB /* ATMHud.m */ = {isa = PBXFileReference; fileEncoding = 4; lastKnownFileType = sourcecode.c.objc; path = ATMHud.m; sourceTree = "<group>"; };
		8F754BAA166EAB5E00F74DBB /* ATMHudDelegate.h */ = {isa = PBXFileReference; fileEncoding = 4; lastKnownFileType = sourcecode.c.h; path = ATMHudDelegate.h; sourceTree = "<group>"; };
		8F754BAB166EAB5E00F74DBB /* ATMHudQueueItem.h */ = {isa = PBXFileReference; fileEncoding = 4; lastKnownFileType = sourcecode.c.h; path = ATMHudQueueItem.h; sourceTree = "<group>"; };
		8F754BAC166EAB5E00F74DBB /* ATMHudQueueItem.m */ = {isa = PBXFileReference; fileEncoding = 4; lastKnownFileType = sourcecode.c.objc; path = ATMHudQueueItem.m; sourceTree = "<group>"; };
		8F754BAD166EAB5E00F74DBB /* ATMHudView.h */ = {isa = PBXFileReference; fileEncoding = 4; lastKnownFileType = sourcecode.c.h; path = ATMHudView.h; sourceTree = "<group>"; };
		8F754BAE166EAB5E00F74DBB /* ATMHudView.m */ = {isa = PBXFileReference; fileEncoding = 4; lastKnownFileType = sourcecode.c.objc; path = ATMHudView.m; sourceTree = "<group>"; };
		8F754BAF166EAB5E00F74DBB /* ATMProgressLayer.h */ = {isa = PBXFileReference; fileEncoding = 4; lastKnownFileType = sourcecode.c.h; path = ATMProgressLayer.h; sourceTree = "<group>"; };
		8F754BB0166EAB5E00F74DBB /* ATMProgressLayer.m */ = {isa = PBXFileReference; fileEncoding = 4; lastKnownFileType = sourcecode.c.objc; path = ATMProgressLayer.m; sourceTree = "<group>"; };
		8F754BB1166EAB5E00F74DBB /* ATMSoundFX.h */ = {isa = PBXFileReference; fileEncoding = 4; lastKnownFileType = sourcecode.c.h; path = ATMSoundFX.h; sourceTree = "<group>"; };
		8F754BB2166EAB5E00F74DBB /* ATMSoundFX.m */ = {isa = PBXFileReference; fileEncoding = 4; lastKnownFileType = sourcecode.c.objc; path = ATMSoundFX.m; sourceTree = "<group>"; };
		8F754BB3166EAB5E00F74DBB /* ATMTextLayer.h */ = {isa = PBXFileReference; fileEncoding = 4; lastKnownFileType = sourcecode.c.h; path = ATMTextLayer.h; sourceTree = "<group>"; };
		8F754BB4166EAB5E00F74DBB /* ATMTextLayer.m */ = {isa = PBXFileReference; fileEncoding = 4; lastKnownFileType = sourcecode.c.objc; path = ATMTextLayer.m; sourceTree = "<group>"; };
		8F754BBB166EADA600F74DBB /* AudioToolbox.framework */ = {isa = PBXFileReference; lastKnownFileType = wrapper.framework; name = AudioToolbox.framework; path = System/Library/Frameworks/AudioToolbox.framework; sourceTree = SDKROOT; };
		8F754BBD166EB0AA00F74DBB /* VideoStreamNavigationController.h */ = {isa = PBXFileReference; fileEncoding = 4; lastKnownFileType = sourcecode.c.h; path = VideoStreamNavigationController.h; sourceTree = "<group>"; };
		8F754BBE166EB0AC00F74DBB /* VideoStreamNavigationController.m */ = {isa = PBXFileReference; fileEncoding = 4; lastKnownFileType = sourcecode.c.objc; path = VideoStreamNavigationController.m; sourceTree = "<group>"; };
		8F754BC1166EB28B00F74DBB /* VideoStreamsViewController.h */ = {isa = PBXFileReference; fileEncoding = 4; lastKnownFileType = sourcecode.c.h; path = VideoStreamsViewController.h; sourceTree = "<group>"; };
		8F754BC2166EB28C00F74DBB /* VideoStreamsViewController.m */ = {isa = PBXFileReference; fileEncoding = 4; lastKnownFileType = sourcecode.c.objc; path = VideoStreamsViewController.m; sourceTree = "<group>"; };
		8F754BC3166EB28C00F74DBB /* VideoStreamsViewController.xib */ = {isa = PBXFileReference; fileEncoding = 4; lastKnownFileType = file.xib; path = VideoStreamsViewController.xib; sourceTree = "<group>"; };
		8F754BC6166EB47200F74DBB /* video.png */ = {isa = PBXFileReference; lastKnownFileType = image.png; name = video.png; path = images/video.png; sourceTree = SOURCE_ROOT; };
		8F754BC7166EB47200F74DBB /* video@2x.png */ = {isa = PBXFileReference; lastKnownFileType = image.png; name = "video@2x.png"; path = "images/video@2x.png"; sourceTree = SOURCE_ROOT; };
		8F96FCFA1676853600EE0D5B /* GenericDetailViewController.h */ = {isa = PBXFileReference; fileEncoding = 4; lastKnownFileType = sourcecode.c.h; path = GenericDetailViewController.h; sourceTree = "<group>"; };
		8F96FCFB1676853600EE0D5B /* GenericDetailViewController.m */ = {isa = PBXFileReference; fileEncoding = 4; lastKnownFileType = sourcecode.c.objc; path = GenericDetailViewController.m; sourceTree = "<group>"; };
		8F96FCFC1676853600EE0D5B /* GenericDetailViewController.xib */ = {isa = PBXFileReference; fileEncoding = 4; lastKnownFileType = file.xib; path = GenericDetailViewController.xib; sourceTree = "<group>"; };
		8F9711AB1679505C00E6A74A /* config.sh */ = {isa = PBXFileReference; fileEncoding = 4; lastKnownFileType = text.script.sh; path = config.sh; sourceTree = "<group>"; };
		8F9711AC1679505C00E6A74A /* update_events.sh */ = {isa = PBXFileReference; fileEncoding = 4; lastKnownFileType = text.script.sh; path = update_events.sh; sourceTree = "<group>"; };
		8F9711AD1679505C00E6A74A /* update_images.sh */ = {isa = PBXFileReference; fileEncoding = 4; lastKnownFileType = text.script.sh; path = update_images.sh; sourceTree = "<group>"; };
		8FF92164166FFD47005A1C55 /* BBJSONConnectOperation.h */ = {isa = PBXFileReference; fileEncoding = 4; lastKnownFileType = sourcecode.c.h; path = BBJSONConnectOperation.h; sourceTree = "<group>"; };
		8FF92165166FFD47005A1C55 /* BBJSONConnectOperation.m */ = {isa = PBXFileReference; fileEncoding = 4; lastKnownFileType = sourcecode.c.objc; path = BBJSONConnectOperation.m; sourceTree = "<group>"; };
		8FF92166166FFD47005A1C55 /* BBJSONConnector.h */ = {isa = PBXFileReference; fileEncoding = 4; lastKnownFileType = sourcecode.c.h; path = BBJSONConnector.h; sourceTree = "<group>"; };
		8FF92167166FFD47005A1C55 /* BBJSONConnector.m */ = {isa = PBXFileReference; fileEncoding = 4; lastKnownFileType = sourcecode.c.objc; path = BBJSONConnector.m; sourceTree = "<group>"; };
		8FF92168166FFD47005A1C55 /* BBJSONStatusView.h */ = {isa = PBXFileReference; fileEncoding = 4; lastKnownFileType = sourcecode.c.h; path = BBJSONStatusView.h; sourceTree = "<group>"; };
		8FF92169166FFD47005A1C55 /* BBJSONStatusView.m */ = {isa = PBXFileReference; fileEncoding = 4; lastKnownFileType = sourcecode.c.objc; path = BBJSONStatusView.m; sourceTree = "<group>"; };
		8FF9216A166FFD47005A1C55 /* icon_accepted_48.png */ = {isa = PBXFileReference; lastKnownFileType = image.png; path = icon_accepted_48.png; sourceTree = "<group>"; };
		8FF9216B166FFD47005A1C55 /* icon_cancel_48.png */ = {isa = PBXFileReference; lastKnownFileType = image.png; path = icon_cancel_48.png; sourceTree = "<group>"; };
		8FF9216C166FFD47005A1C55 /* icon_warning_48.png */ = {isa = PBXFileReference; lastKnownFileType = image.png; path = icon_warning_48.png; sourceTree = "<group>"; };
		8FF92179166FFD4E005A1C55 /* JSONArray.h */ = {isa = PBXFileReference; fileEncoding = 4; lastKnownFileType = sourcecode.c.h; path = JSONArray.h; sourceTree = "<group>"; };
		8FF9217A166FFD4E005A1C55 /* JSONArray.m */ = {isa = PBXFileReference; fileEncoding = 4; lastKnownFileType = sourcecode.c.objc; path = JSONArray.m; sourceTree = "<group>"; };
		8FF9217B166FFD4E005A1C55 /* JSONWorkshops.h */ = {isa = PBXFileReference; fileEncoding = 4; lastKnownFileType = sourcecode.c.h; path = JSONWorkshops.h; sourceTree = "<group>"; };
		8FF9217C166FFD4E005A1C55 /* JSONWorkshops.m */ = {isa = PBXFileReference; fileEncoding = 4; lastKnownFileType = sourcecode.c.objc; path = JSONWorkshops.m; sourceTree = "<group>"; };
		8FF9217D166FFD4E005A1C55 /* JSONProperties.h */ = {isa = PBXFileReference; fileEncoding = 4; lastKnownFileType = sourcecode.c.h; path = JSONProperties.h; sourceTree = "<group>"; };
		8FF9217E166FFD4E005A1C55 /* JSONProperties.m */ = {isa = PBXFileReference; fileEncoding = 4; lastKnownFileType = sourcecode.c.objc; path = JSONProperties.m; sourceTree = "<group>"; };
		8FF9217F166FFD4E005A1C55 /* JSONWorkshop.h */ = {isa = PBXFileReference; fileEncoding = 4; lastKnownFileType = sourcecode.c.h; path = JSONWorkshop.h; sourceTree = "<group>"; };
		8FF9219D166FFD89005A1C55 /* JTDateMappings.h */ = {isa = PBXFileReference; fileEncoding = 4; lastKnownFileType = sourcecode.c.h; path = JTDateMappings.h; sourceTree = "<group>"; };
		8FF9219E166FFD89005A1C55 /* JTDateMappings.m */ = {isa = PBXFileReference; fileEncoding = 4; lastKnownFileType = sourcecode.c.objc; path = JTDateMappings.m; sourceTree = "<group>"; };
		8FF9219F166FFD89005A1C55 /* JTISO8601DateFormatter.h */ = {isa = PBXFileReference; fileEncoding = 4; lastKnownFileType = sourcecode.c.h; path = JTISO8601DateFormatter.h; sourceTree = "<group>"; };
		8FF921A0166FFD89005A1C55 /* JTISO8601DateFormatter.m */ = {isa = PBXFileReference; fileEncoding = 4; lastKnownFileType = sourcecode.c.objc; path = JTISO8601DateFormatter.m; sourceTree = "<group>"; };
		8FF921A1166FFD89005A1C55 /* JTMappings.h */ = {isa = PBXFileReference; fileEncoding = 4; lastKnownFileType = sourcecode.c.h; path = JTMappings.h; sourceTree = "<group>"; };
		8FF921A2166FFD89005A1C55 /* JTMappings.m */ = {isa = PBXFileReference; fileEncoding = 4; lastKnownFileType = sourcecode.c.objc; path = JTMappings.m; sourceTree = "<group>"; };
		8FF921A3166FFD89005A1C55 /* NSObject+JTObjectMapping.h */ = {isa = PBXFileReference; fileEncoding = 4; lastKnownFileType = sourcecode.c.h; path = "NSObject+JTObjectMapping.h"; sourceTree = "<group>"; };
		8FF921A4166FFD89005A1C55 /* NSObject+JTObjectMapping.m */ = {isa = PBXFileReference; fileEncoding = 4; lastKnownFileType = sourcecode.c.objc; path = "NSObject+JTObjectMapping.m"; sourceTree = "<group>"; };
		8FF921A916700D7E005A1C55 /* JSONWorkshop.m */ = {isa = PBXFileReference; fileEncoding = 4; lastKnownFileType = sourcecode.c.objc; path = JSONWorkshop.m; sourceTree = "<group>"; };
		8FF921AB1670107D005A1C55 /* JSONAssemblies.h */ = {isa = PBXFileReference; fileEncoding = 4; lastKnownFileType = sourcecode.c.h; path = JSONAssemblies.h; sourceTree = "<group>"; };
		8FF921AC1670107D005A1C55 /* JSONAssemblies.m */ = {isa = PBXFileReference; fileEncoding = 4; lastKnownFileType = sourcecode.c.objc; path = JSONAssemblies.m; sourceTree = "<group>"; };
		8FF921AD1670107E005A1C55 /* JSONAssembly.h */ = {isa = PBXFileReference; fileEncoding = 4; lastKnownFileType = sourcecode.c.h; path = JSONAssembly.h; sourceTree = "<group>"; };
		8FF921AE1670107E005A1C55 /* JSONAssembly.m */ = {isa = PBXFileReference; fileEncoding = 4; lastKnownFileType = sourcecode.c.objc; path = JSONAssembly.m; sourceTree = "<group>"; };
		8FF921B216701905005A1C55 /* ASIAuthenticationDialog.h */ = {isa = PBXFileReference; fileEncoding = 4; lastKnownFileType = sourcecode.c.h; path = ASIAuthenticationDialog.h; sourceTree = "<group>"; };
		8FF921B316701905005A1C55 /* ASIAuthenticationDialog.m */ = {isa = PBXFileReference; fileEncoding = 4; lastKnownFileType = sourcecode.c.objc; path = ASIAuthenticationDialog.m; sourceTree = "<group>"; };
		8FF921B416701905005A1C55 /* ASICacheDelegate.h */ = {isa = PBXFileReference; fileEncoding = 4; lastKnownFileType = sourcecode.c.h; path = ASICacheDelegate.h; sourceTree = "<group>"; };
		8FF921B516701905005A1C55 /* ASIDataCompressor.h */ = {isa = PBXFileReference; fileEncoding = 4; lastKnownFileType = sourcecode.c.h; path = ASIDataCompressor.h; sourceTree = "<group>"; };
		8FF921B616701905005A1C55 /* ASIDataCompressor.m */ = {isa = PBXFileReference; fileEncoding = 4; lastKnownFileType = sourcecode.c.objc; path = ASIDataCompressor.m; sourceTree = "<group>"; };
		8FF921B716701905005A1C55 /* ASIDataDecompressor.h */ = {isa = PBXFileReference; fileEncoding = 4; lastKnownFileType = sourcecode.c.h; path = ASIDataDecompressor.h; sourceTree = "<group>"; };
		8FF921B816701905005A1C55 /* ASIDataDecompressor.m */ = {isa = PBXFileReference; fileEncoding = 4; lastKnownFileType = sourcecode.c.objc; path = ASIDataDecompressor.m; sourceTree = "<group>"; };
		8FF921B916701905005A1C55 /* ASIDownloadCache.h */ = {isa = PBXFileReference; fileEncoding = 4; lastKnownFileType = sourcecode.c.h; path = ASIDownloadCache.h; sourceTree = "<group>"; };
		8FF921BA16701905005A1C55 /* ASIDownloadCache.m */ = {isa = PBXFileReference; fileEncoding = 4; lastKnownFileType = sourcecode.c.objc; path = ASIDownloadCache.m; sourceTree = "<group>"; };
		8FF921BB16701905005A1C55 /* ASIFormDataRequest.h */ = {isa = PBXFileReference; fileEncoding = 4; lastKnownFileType = sourcecode.c.h; path = ASIFormDataRequest.h; sourceTree = "<group>"; };
		8FF921BC16701905005A1C55 /* ASIFormDataRequest.m */ = {isa = PBXFileReference; fileEncoding = 4; lastKnownFileType = sourcecode.c.objc; path = ASIFormDataRequest.m; sourceTree = "<group>"; };
		8FF921BD16701905005A1C55 /* ASIHTTPRequest.h */ = {isa = PBXFileReference; fileEncoding = 4; lastKnownFileType = sourcecode.c.h; path = ASIHTTPRequest.h; sourceTree = "<group>"; };
		8FF921BE16701905005A1C55 /* ASIHTTPRequest.m */ = {isa = PBXFileReference; fileEncoding = 4; lastKnownFileType = sourcecode.c.objc; path = ASIHTTPRequest.m; sourceTree = "<group>"; };
		8FF921BF16701905005A1C55 /* ASIHTTPRequestConfig.h */ = {isa = PBXFileReference; fileEncoding = 4; lastKnownFileType = sourcecode.c.h; path = ASIHTTPRequestConfig.h; sourceTree = "<group>"; };
		8FF921C016701905005A1C55 /* ASIHTTPRequestDelegate.h */ = {isa = PBXFileReference; fileEncoding = 4; lastKnownFileType = sourcecode.c.h; path = ASIHTTPRequestDelegate.h; sourceTree = "<group>"; };
		8FF921C116701905005A1C55 /* ASIInputStream.h */ = {isa = PBXFileReference; fileEncoding = 4; lastKnownFileType = sourcecode.c.h; path = ASIInputStream.h; sourceTree = "<group>"; };
		8FF921C216701905005A1C55 /* ASIInputStream.m */ = {isa = PBXFileReference; fileEncoding = 4; lastKnownFileType = sourcecode.c.objc; path = ASIInputStream.m; sourceTree = "<group>"; };
		8FF921C316701905005A1C55 /* ASINetworkQueue.h */ = {isa = PBXFileReference; fileEncoding = 4; lastKnownFileType = sourcecode.c.h; path = ASINetworkQueue.h; sourceTree = "<group>"; };
		8FF921C416701905005A1C55 /* ASINetworkQueue.m */ = {isa = PBXFileReference; fileEncoding = 4; lastKnownFileType = sourcecode.c.objc; path = ASINetworkQueue.m; sourceTree = "<group>"; };
		8FF921C516701905005A1C55 /* ASIProgressDelegate.h */ = {isa = PBXFileReference; fileEncoding = 4; lastKnownFileType = sourcecode.c.h; path = ASIProgressDelegate.h; sourceTree = "<group>"; };
		8FF921C716701905005A1C55 /* Reachability.h */ = {isa = PBXFileReference; fileEncoding = 4; lastKnownFileType = sourcecode.c.h; path = Reachability.h; sourceTree = "<group>"; };
		8FF921C816701905005A1C55 /* Reachability.m */ = {isa = PBXFileReference; fileEncoding = 4; lastKnownFileType = sourcecode.c.objc; path = Reachability.m; sourceTree = "<group>"; };
		8FF921D2167019AD005A1C55 /* CFNetwork.framework */ = {isa = PBXFileReference; lastKnownFileType = wrapper.framework; name = CFNetwork.framework; path = System/Library/Frameworks/CFNetwork.framework; sourceTree = SDKROOT; };
		8FF921D4167019BE005A1C55 /* libz.dylib */ = {isa = PBXFileReference; lastKnownFileType = "compiled.mach-o.dylib"; name = libz.dylib; path = usr/lib/libz.dylib; sourceTree = SDKROOT; };
		8FF921D716701A43005A1C55 /* ScheduleSemanticNavigationController.h */ = {isa = PBXFileReference; fileEncoding = 4; lastKnownFileType = sourcecode.c.h; path = ScheduleSemanticNavigationController.h; sourceTree = "<group>"; };
		8FF921D816701A43005A1C55 /* ScheduleSemanticNavigationController.m */ = {isa = PBXFileReference; fileEncoding = 4; lastKnownFileType = sourcecode.c.objc; path = ScheduleSemanticNavigationController.m; sourceTree = "<group>"; };
		8FF921DA16701A8F005A1C55 /* SemanticItemsViewController.h */ = {isa = PBXFileReference; fileEncoding = 4; lastKnownFileType = sourcecode.c.h; path = SemanticItemsViewController.h; sourceTree = "<group>"; };
		8FF921DB16701A8F005A1C55 /* SemanticItemsViewController.m */ = {isa = PBXFileReference; fileEncoding = 4; lastKnownFileType = sourcecode.c.objc; path = SemanticItemsViewController.m; sourceTree = "<group>"; };
		8FF921DC16701A8F005A1C55 /* SemanticItemsViewController.xib */ = {isa = PBXFileReference; fileEncoding = 4; lastKnownFileType = file.xib; path = SemanticItemsViewController.xib; sourceTree = "<group>"; };
		8FF921E016702352005A1C55 /* assemblies.json */ = {isa = PBXFileReference; fileEncoding = 4; lastKnownFileType = text.json; path = assemblies.json; sourceTree = "<group>"; };
		8FF921E116702352005A1C55 /* workshops.json */ = {isa = PBXFileReference; fileEncoding = 4; lastKnownFileType = text.json; path = workshops.json; sourceTree = "<group>"; };
		8FF921E3167024A5005A1C55 /* NSObject+SBJson.h */ = {isa = PBXFileReference; fileEncoding = 4; lastKnownFileType = sourcecode.c.h; path = "NSObject+SBJson.h"; sourceTree = "<group>"; };
		8FF921E4167024A5005A1C55 /* NSObject+SBJson.m */ = {isa = PBXFileReference; fileEncoding = 4; lastKnownFileType = sourcecode.c.objc; path = "NSObject+SBJson.m"; sourceTree = "<group>"; };
		8FF921E5167024A5005A1C55 /* SBJson.h */ = {isa = PBXFileReference; fileEncoding = 4; lastKnownFileType = sourcecode.c.h; path = SBJson.h; sourceTree = "<group>"; };
		8FF921E6167024A5005A1C55 /* SBJsonParser.h */ = {isa = PBXFileReference; fileEncoding = 4; lastKnownFileType = sourcecode.c.h; path = SBJsonParser.h; sourceTree = "<group>"; };
		8FF921E7167024A5005A1C55 /* SBJsonParser.m */ = {isa = PBXFileReference; fileEncoding = 4; lastKnownFileType = sourcecode.c.objc; path = SBJsonParser.m; sourceTree = "<group>"; };
		8FF921E8167024A5005A1C55 /* SBJsonStreamParser.h */ = {isa = PBXFileReference; fileEncoding = 4; lastKnownFileType = sourcecode.c.h; path = SBJsonStreamParser.h; sourceTree = "<group>"; };
		8FF921E9167024A5005A1C55 /* SBJsonStreamParser.m */ = {isa = PBXFileReference; fileEncoding = 4; lastKnownFileType = sourcecode.c.objc; path = SBJsonStreamParser.m; sourceTree = "<group>"; };
		8FF921EA167024A5005A1C55 /* SBJsonStreamParserAccumulator.h */ = {isa = PBXFileReference; fileEncoding = 4; lastKnownFileType = sourcecode.c.h; path = SBJsonStreamParserAccumulator.h; sourceTree = "<group>"; };
		8FF921EB167024A5005A1C55 /* SBJsonStreamParserAccumulator.m */ = {isa = PBXFileReference; fileEncoding = 4; lastKnownFileType = sourcecode.c.objc; path = SBJsonStreamParserAccumulator.m; sourceTree = "<group>"; };
		8FF921EC167024A5005A1C55 /* SBJsonStreamParserState.h */ = {isa = PBXFileReference; fileEncoding = 4; lastKnownFileType = sourcecode.c.h; path = SBJsonStreamParserState.h; sourceTree = "<group>"; };
		8FF921ED167024A5005A1C55 /* SBJsonStreamParserState.m */ = {isa = PBXFileReference; fileEncoding = 4; lastKnownFileType = sourcecode.c.objc; path = SBJsonStreamParserState.m; sourceTree = "<group>"; };
		8FF921EE167024A5005A1C55 /* SBJsonStreamWriter.h */ = {isa = PBXFileReference; fileEncoding = 4; lastKnownFileType = sourcecode.c.h; path = SBJsonStreamWriter.h; sourceTree = "<group>"; };
		8FF921EF167024A5005A1C55 /* SBJsonStreamWriter.m */ = {isa = PBXFileReference; fileEncoding = 4; lastKnownFileType = sourcecode.c.objc; path = SBJsonStreamWriter.m; sourceTree = "<group>"; };
		8FF921F0167024A5005A1C55 /* SBJsonStreamWriterAccumulator.h */ = {isa = PBXFileReference; fileEncoding = 4; lastKnownFileType = sourcecode.c.h; path = SBJsonStreamWriterAccumulator.h; sourceTree = "<group>"; };
		8FF921F1167024A5005A1C55 /* SBJsonStreamWriterAccumulator.m */ = {isa = PBXFileReference; fileEncoding = 4; lastKnownFileType = sourcecode.c.objc; path = SBJsonStreamWriterAccumulator.m; sourceTree = "<group>"; };
		8FF921F2167024A5005A1C55 /* SBJsonStreamWriterState.h */ = {isa = PBXFileReference; fileEncoding = 4; lastKnownFileType = sourcecode.c.h; path = SBJsonStreamWriterState.h; sourceTree = "<group>"; };
		8FF921F3167024A5005A1C55 /* SBJsonStreamWriterState.m */ = {isa = PBXFileReference; fileEncoding = 4; lastKnownFileType = sourcecode.c.objc; path = SBJsonStreamWriterState.m; sourceTree = "<group>"; };
		8FF921F4167024A5005A1C55 /* SBJsonTokeniser.h */ = {isa = PBXFileReference; fileEncoding = 4; lastKnownFileType = sourcecode.c.h; path = SBJsonTokeniser.h; sourceTree = "<group>"; };
		8FF921F5167024A5005A1C55 /* SBJsonTokeniser.m */ = {isa = PBXFileReference; fileEncoding = 4; lastKnownFileType = sourcecode.c.objc; path = SBJsonTokeniser.m; sourceTree = "<group>"; };
		8FF921F6167024A5005A1C55 /* SBJsonUTF8Stream.h */ = {isa = PBXFileReference; fileEncoding = 4; lastKnownFileType = sourcecode.c.h; path = SBJsonUTF8Stream.h; sourceTree = "<group>"; };
		8FF921F7167024A5005A1C55 /* SBJsonUTF8Stream.m */ = {isa = PBXFileReference; fileEncoding = 4; lastKnownFileType = sourcecode.c.objc; path = SBJsonUTF8Stream.m; sourceTree = "<group>"; };
		8FF921F8167024A5005A1C55 /* SBJsonWriter.h */ = {isa = PBXFileReference; fileEncoding = 4; lastKnownFileType = sourcecode.c.h; path = SBJsonWriter.h; sourceTree = "<group>"; };
		8FF921F9167024A5005A1C55 /* SBJsonWriter.m */ = {isa = PBXFileReference; fileEncoding = 4; lastKnownFileType = sourcecode.c.objc; path = SBJsonWriter.m; sourceTree = "<group>"; };
		E8E5D8221678B9AC00590612 /* config_remote.plist */ = {isa = PBXFileReference; fileEncoding = 4; lastKnownFileType = text.plist.xml; path = config_remote.plist; sourceTree = "<group>"; };
		E8F0F54F1678C5D00081A972 /* cachestatus.json */ = {isa = PBXFileReference; lastKnownFileType = text.json; path = cachestatus.json; sourceTree = "<group>"; };
		E8F0F5521678C5D80081A972 /* schedule.de.xml */ = {isa = PBXFileReference; lastKnownFileType = text.xml; path = schedule.de.xml; sourceTree = "<group>"; };
		E8F0F5531678C5D80081A972 /* schedule.en.xml */ = {isa = PBXFileReference; lastKnownFileType = text.xml; path = schedule.en.xml; sourceTree = "<group>"; };
		E8F0F5541678C8E70081A972 /* MasterConfig.h */ = {isa = PBXFileReference; fileEncoding = 4; lastKnownFileType = sourcecode.c.h; path = MasterConfig.h; sourceTree = "<group>"; };
		E8F0F5551678C8E70081A972 /* MasterConfig.m */ = {isa = PBXFileReference; fileEncoding = 4; lastKnownFileType = sourcecode.c.objc; path = MasterConfig.m; sourceTree = "<group>"; };
		FD1B947B16774BAD0021A58A /* MKiCloudSync.h */ = {isa = PBXFileReference; fileEncoding = 4; lastKnownFileType = sourcecode.c.h; path = MKiCloudSync.h; sourceTree = "<group>"; };
		FD1B947C16774BAD0021A58A /* MKiCloudSync.m */ = {isa = PBXFileReference; fileEncoding = 4; lastKnownFileType = sourcecode.c.objc; path = MKiCloudSync.m; sourceTree = "<group>"; };
		FD1B947E16774C050021A58A /* barfbag.entitlements */ = {isa = PBXFileReference; lastKnownFileType = text.xml; path = barfbag.entitlements; sourceTree = "<group>"; };
/* End PBXFileReference section */

/* Begin PBXFrameworksBuildPhase section */
		8F356525166B937C00814549 /* Frameworks */ = {
			isa = PBXFrameworksBuildPhase;
			buildActionMask = 2147483647;
			files = (
				8FF921D5167019BF005A1C55 /* libz.dylib in Frameworks */,
				8FF921D3167019AD005A1C55 /* CFNetwork.framework in Frameworks */,
				8F754B79166D7B4200F74DBB /* libicucore.dylib in Frameworks */,
				8F754B51166D5D6B00F74DBB /* SystemConfiguration.framework in Frameworks */,
				8F754B4F166D5D5500F74DBB /* MobileCoreServices.framework in Frameworks */,
				8F35652D166B937C00814549 /* UIKit.framework in Frameworks */,
				8F35652F166B937C00814549 /* Foundation.framework in Frameworks */,
				8F356531166B937C00814549 /* CoreGraphics.framework in Frameworks */,
				8F754BBC166EADA600F74DBB /* AudioToolbox.framework in Frameworks */,
				8F754B92166EA46A00F74DBB /* QuartzCore.framework in Frameworks */,
			);
			runOnlyForDeploymentPostprocessing = 0;
		};
/* End PBXFrameworksBuildPhase section */

/* Begin PBXGroup section */
		8F09CCA916703001008F8D26 /* RegexKitLite */ = {
			isa = PBXGroup;
			children = (
				8F754B75166D77E500F74DBB /* RegexKitLite.h */,
				8F754B76166D77E700F74DBB /* RegexKitLite.m */,
			);
			name = RegexKitLite;
			sourceTree = "<group>";
		};
		8F09CCAB16703022008F8D26 /* Third Party Code */ = {
			isa = PBXGroup;
			children = (
				FD1B947916774B3F0021A58A /* MKiCloudSync */,
				8FF921B116701904005A1C55 /* allseeing */,
				8FF9219C166FFD89005A1C55 /* JASTOR */,
				8FF921E2167024A3005A1C55 /* SBJSON */,
				8F09CCA916703001008F8D26 /* RegexKitLite */,
				8F754BA7166EAB5D00F74DBB /* ATMHud */,
				8F754B37166D556500F74DBB /* SinaURLConnection */,
			);
			name = "Third Party Code";
			sourceTree = "<group>";
		};
		8F1663891672A924003347EA /* Favourites */ = {
			isa = PBXGroup;
			children = (
				8F1663BC16736A04003347EA /* FavouriteItem.h */,
				8F1663BD16736A04003347EA /* FavouriteItem.m */,
				8F1663B916736870003347EA /* FavouriteManager.h */,
				8F1663BA16736871003347EA /* FavouriteManager.m */,
				8F1663861672A91C003347EA /* FavouritesNavigationController.h */,
				8F1663871672A91C003347EA /* FavouritesNavigationController.m */,
				8F16638F1672A9DE003347EA /* FavouritesViewController.h */,
				8F1663901672A9DE003347EA /* FavouritesViewController.m */,
				8F1663911672A9DE003347EA /* FavouritesViewController.xib */,
			);
			name = Favourites;
			sourceTree = "<group>";
		};
		8F1663C21673C906003347EA /* js */ = {
			isa = PBXGroup;
			children = (
				8F1663C31673C906003347EA /* scram29c3.js */,
			);
			path = js;
			sourceTree = SOURCE_ROOT;
		};
		8F1663C8167504A0003347EA /* Welcome */ = {
			isa = PBXGroup;
			children = (
				8F754B08166C22A100F74DBB /* WelcomeViewController.h */,
				8F754B09166C22A100F74DBB /* WelcomeViewController.m */,
				8F754B0A166C22A100F74DBB /* WelcomeViewController.xib */,
			);
			name = Welcome;
			sourceTree = "<group>";
		};
		8F1663C9167504D7003347EA /* Data Processing */ = {
			isa = PBXGroup;
			children = (
				8FF92163166FFD47005A1C55 /* Semantic Wiki JSON */,
				8FF92174166FFD4E005A1C55 /* Semantic Wiki Entities */,
				8F754B32166D4D3F00F74DBB /* PentaBarf XML */,
				8F1663DC167506DB003347EA /* PentaBarf Entities */,
			);
			name = "Data Processing";
			sourceTree = "<group>";
		};
		8F1663CF16750566003347EA /* Event Detail */ = {
			isa = PBXGroup;
			children = (
				8F1663CA16750559003347EA /* EventDetailViewController.h */,
				8F1663CB16750559003347EA /* EventDetailViewController.m */,
				8F1663CC16750559003347EA /* EventDetailViewController.xib */,
			);
			name = "Event Detail";
			sourceTree = "<group>";
		};
		8F1663D5167505B2003347EA /* Assembly Detail */ = {
			isa = PBXGroup;
			children = (
				8F1663D0167505AD003347EA /* AssemblyDetailViewController.h */,
				8F1663D1167505AD003347EA /* AssemblyDetailViewController.m */,
				8F1663D2167505AE003347EA /* AssemblyDetailViewController.xib */,
			);
			name = "Assembly Detail";
			sourceTree = "<group>";
		};
		8F1663DB167505C9003347EA /* Workshop Detail */ = {
			isa = PBXGroup;
			children = (
				8F1663D6167505C5003347EA /* WorkshopDetailViewController.h */,
				8F1663D7167505C5003347EA /* WorkshopDetailViewController.m */,
				8F1663D8167505C5003347EA /* WorkshopDetailViewController.xib */,
			);
			name = "Workshop Detail";
			sourceTree = "<group>";
		};
		8F1663DC167506DB003347EA /* PentaBarf Entities */ = {
			isa = PBXGroup;
			children = (
				8F754B63166D73B000F74DBB /* Conference.h */,
				8F754B64166D73B000F74DBB /* Conference.m */,
				8F754B65166D73B000F74DBB /* Day.h */,
				8F754B66166D73B000F74DBB /* Day.m */,
				8F754B67166D73B000F74DBB /* Event.h */,
				8F754B68166D73B000F74DBB /* Event.m */,
				8F754B69166D73B000F74DBB /* Link.h */,
				8F754B6A166D73B000F74DBB /* Link.m */,
				8F754B6D166D73B000F74DBB /* Person.h */,
				8F754B6E166D73B000F74DBB /* Person.m */,
			);
			name = "PentaBarf Entities";
			sourceTree = "<group>";
		};
		8F35651D166B937C00814549 = {
			isa = PBXGroup;
			children = (
				8F35653A166B937C00814549 /* barfbag-Prefix.pch */,
				8F356532166B937C00814549 /* barfbag */,
				8F35652B166B937C00814549 /* Frameworks */,
				8F356529166B937C00814549 /* Products */,
			);
			sourceTree = "<group>";
		};
		8F356529166B937C00814549 /* Products */ = {
			isa = PBXGroup;
			children = (
				8F356528166B937C00814549 /* barfbag.app */,
			);
			name = Products;
			sourceTree = "<group>";
		};
		8F35652B166B937C00814549 /* Frameworks */ = {
			isa = PBXGroup;
			children = (
				8FF921D2167019AD005A1C55 /* CFNetwork.framework */,
				8F754B91166EA46A00F74DBB /* QuartzCore.framework */,
				8F754B50166D5D6B00F74DBB /* SystemConfiguration.framework */,
				8F754B4E166D5D5500F74DBB /* MobileCoreServices.framework */,
				8F35652C166B937C00814549 /* UIKit.framework */,
				8F35652E166B937C00814549 /* Foundation.framework */,
				8F356530166B937C00814549 /* CoreGraphics.framework */,
				8F754BBB166EADA600F74DBB /* AudioToolbox.framework */,
				8FF921D4167019BE005A1C55 /* libz.dylib */,
				8F754B78166D7B4100F74DBB /* libicucore.dylib */,
			);
			name = Frameworks;
			sourceTree = "<group>";
		};
		8F356532166B937C00814549 /* barfbag */ = {
			isa = PBXGroup;
			children = (
				FD1B947E16774C050021A58A /* barfbag.entitlements */,
				8F754B21166C2F0800F74DBB /* categories */,
				8F754AF5166C1F1B00F74DBB /* Classes */,
				8F356533166B937C00814549 /* Resources */,
			);
			path = barfbag;
			sourceTree = "<group>";
		};
		8F356533166B937C00814549 /* Resources */ = {
			isa = PBXGroup;
			children = (
				E8E5D8221678B9AC00590612 /* config_remote.plist */,
				8F356534166B937C00814549 /* barfbag-Info.plist */,
				8F356535166B937C00814549 /* InfoPlist.strings */,
				8F356538166B937C00814549 /* main.m */,
				8F00603616715330001E77E5 /* Localizable.strings */,
				8F9711AA1679505C00E6A74A /* failover */,
				8FF921DF16702352005A1C55 /* json */,
				E8F0F5511678C5D80081A972 /* xml */,
				8F1663C21673C906003347EA /* js */,
				8F754BCA166EBDEF00F74DBB /* html */,
				8F754AE2166C1E5F00F74DBB /* fonts */,
				8F754AC7166B93A800F74DBB /* images */,
			);
			name = Resources;
			sourceTree = "<group>";
		};
		8F754AC7166B93A800F74DBB /* images */ = {
			isa = PBXGroup;
			children = (
				8F16637E1672A7E4003347EA /* favourites.png */,
				8F16637F1672A7E4003347EA /* favourites@2x.png */,
				8F1663801672A7E4003347EA /* wikiplan.png */,
				8F1663811672A7E4003347EA /* wikiplan@2x.png */,
				8F754BC6166EB47200F74DBB /* video.png */,
				8F754BC7166EB47200F74DBB /* video@2x.png */,
				8F754B00166C221600F74DBB /* plan.png */,
				8F754B01166C221600F74DBB /* plan@2x.png */,
				8F754B02166C221600F74DBB /* settings.png */,
				8F754B03166C221600F74DBB /* settings@2x.png */,
				8F754AC9166B93F000F74DBB /* Icon_57.png */,
				8F754ACA166B93F000F74DBB /* Icon_72.png */,
				8F754ACB166B93F000F74DBB /* Icon_114.png */,
				8F754ACC166B93F000F74DBB /* Icon_144.png */,
				8F754ACD166B93F000F74DBB /* Icon_1024.png */,
				8F35653E166B937C00814549 /* Default.png */,
				8F356540166B937C00814549 /* Default@2x.png */,
				8F356542166B937C00814549 /* Default-568h@2x.png */,
				8F16637C1672A267003347EA /* Default-Landscape@2x~ipad.png */,
				8F16637A1672A264003347EA /* Default-Portrait@2x~ipad.png */,
				8F1663781672A25E003347EA /* Default-Landscape~ipad.png */,
				8F1663761672A258003347EA /* Default-Portrait~ipad.png */,
			);
			name = images;
			sourceTree = "<group>";
		};
		8F754AE2166C1E5F00F74DBB /* fonts */ = {
			isa = PBXGroup;
			children = (
				8F754AE3166C1E5F00F74DBB /* LICENSE.txt */,
				8F754AE4166C1E5F00F74DBB /* ReadMe.html */,
				8F754AE5166C1E5F00F74DBB /* SourceCodePro-Black.ttf */,
				8F754AE6166C1E5F00F74DBB /* SourceCodePro-Bold.ttf */,
				8F754AE7166C1E5F00F74DBB /* SourceCodePro-ExtraLight.ttf */,
				8F754AE8166C1E5F00F74DBB /* SourceCodePro-Light.ttf */,
				8F754AE9166C1E5F00F74DBB /* SourceCodePro-Regular.ttf */,
				8F754AEA166C1E5F00F74DBB /* SourceCodePro-Semibold.ttf */,
				8F754AEB166C1E5F00F74DBB /* SourceCodeProReadMe.html */,
			);
			path = fonts;
			sourceTree = SOURCE_ROOT;
		};
		8F754AF5166C1F1B00F74DBB /* Classes */ = {
			isa = PBXGroup;
			children = (
				8F09CCAB16703022008F8D26 /* Third Party Code */,
				8F1663C9167504D7003347EA /* Data Processing */,
				8F754B9D166EA95900F74DBB /* Generic Controllers */,
				E8F0F5541678C8E70081A972 /* MasterConfig.h */,
				E8F0F5551678C8E70081A972 /* MasterConfig.m */,
				8F35653B166B937C00814549 /* AppDelegate.h */,
				8F35653C166B937C00814549 /* AppDelegate.m */,
				8F1663C8167504A0003347EA /* Welcome */,
				8F754B16166C2AF700F74DBB /* Fahrplan */,
				8FF921D6167019F7005A1C55 /* Wiki */,
				8F1663891672A924003347EA /* Favourites */,
				8F754BC0166EB0B800F74DBB /* Livestreams */,
				8F754B17166C2AFF00F74DBB /* Settings */,
			);
			name = Classes;
			sourceTree = "<group>";
		};
		8F754B16166C2AF700F74DBB /* Fahrplan */ = {
			isa = PBXGroup;
			children = (
				8F1663CF16750566003347EA /* Event Detail */,
				8F754AF6166C1F4300F74DBB /* ScheduleNavigationController.h */,
				8F754AF7166C1F4300F74DBB /* ScheduleNavigationController.m */,
				8F754B11166C279800F74DBB /* EventsViewController.h */,
				8F754B12166C279800F74DBB /* EventsViewController.m */,
				8F754B13166C279800F74DBB /* EventsViewController.xib */,
			);
			name = Fahrplan;
			sourceTree = "<group>";
		};
		8F754B17166C2AFF00F74DBB /* Settings */ = {
			isa = PBXGroup;
			children = (
				8F754AFB166C1F6D00F74DBB /* ConfigurationNavigationController.h */,
				8F754AFC166C1F6D00F74DBB /* ConfigurationNavigationController.m */,
				8F754B18166C2B5C00F74DBB /* ConfigurationViewController.h */,
				8F754B19166C2B5C00F74DBB /* ConfigurationViewController.m */,
				8F754B1A166C2B5C00F74DBB /* ConfigurationViewController.xib */,
			);
			name = Settings;
			sourceTree = "<group>";
		};
		8F754B21166C2F0800F74DBB /* categories */ = {
			isa = PBXGroup;
			children = (
				8F754B8D166E828700F74DBB /* NSString-Toolkit.h */,
				8F754B8E166E828700F74DBB /* NSString-Toolkit.m */,
				8F754B22166C2F0800F74DBB /* UIColor-Expanded.h */,
				8F754B23166C2F0800F74DBB /* UIColor-Expanded.m */,
				8F754B4B166D5D0600F74DBB /* UIDevice-Versions.h */,
				8F754B4C166D5D0600F74DBB /* UIDevice-Versions.m */,
			);
			path = categories;
			sourceTree = SOURCE_ROOT;
		};
		8F754B32166D4D3F00F74DBB /* PentaBarf XML */ = {
			isa = PBXGroup;
			children = (
				8F754B6B166D73B000F74DBB /* BarfBagParser.h */,
				8F754B6C166D73B000F74DBB /* BarfBagParser.m */,
			);
			name = "PentaBarf XML";
			sourceTree = "<group>";
		};
		8F754B37166D556500F74DBB /* SinaURLConnection */ = {
			isa = PBXGroup;
			children = (
				8F754B38166D556600F74DBB /* SinaURLConnection.h */,
				8F754B39166D556600F74DBB /* SinaURLConnection.m */,
			);
			path = SinaURLConnection;
			sourceTree = "<group>";
		};
		8F754B9D166EA95900F74DBB /* Generic Controllers */ = {
			isa = PBXGroup;
			children = (
				8F754B29166C36A000F74DBB /* GenericViewController.h */,
				8F754B2A166C36A000F74DBB /* GenericViewController.m */,
				8F754B97166EA65400F74DBB /* GenericTableViewController.h */,
				8F754B98166EA65600F74DBB /* GenericTableViewController.m */,
				8F754B9A166EA7E600F74DBB /* GenericTabBarController.h */,
				8F754B9B166EA7E800F74DBB /* GenericTabBarController.m */,
				8F96FCFA1676853600EE0D5B /* GenericDetailViewController.h */,
				8F96FCFB1676853600EE0D5B /* GenericDetailViewController.m */,
				8F96FCFC1676853600EE0D5B /* GenericDetailViewController.xib */,
			);
			name = "Generic Controllers";
			sourceTree = "<group>";
		};
		8F754BA7166EAB5D00F74DBB /* ATMHud */ = {
			isa = PBXGroup;
			children = (
				8F754BA8166EAB5E00F74DBB /* ATMHud.h */,
				8F754BA9166EAB5E00F74DBB /* ATMHud.m */,
				8F754BAA166EAB5E00F74DBB /* ATMHudDelegate.h */,
				8F754BAB166EAB5E00F74DBB /* ATMHudQueueItem.h */,
				8F754BAC166EAB5E00F74DBB /* ATMHudQueueItem.m */,
				8F754BAD166EAB5E00F74DBB /* ATMHudView.h */,
				8F754BAE166EAB5E00F74DBB /* ATMHudView.m */,
				8F754BAF166EAB5E00F74DBB /* ATMProgressLayer.h */,
				8F754BB0166EAB5E00F74DBB /* ATMProgressLayer.m */,
				8F754BB1166EAB5E00F74DBB /* ATMSoundFX.h */,
				8F754BB2166EAB5E00F74DBB /* ATMSoundFX.m */,
				8F754BB3166EAB5E00F74DBB /* ATMTextLayer.h */,
				8F754BB4166EAB5E00F74DBB /* ATMTextLayer.m */,
			);
			path = ATMHud;
			sourceTree = "<group>";
		};
		8F754BC0166EB0B800F74DBB /* Livestreams */ = {
			isa = PBXGroup;
			children = (
				8F754BBD166EB0AA00F74DBB /* VideoStreamNavigationController.h */,
				8F754BBE166EB0AC00F74DBB /* VideoStreamNavigationController.m */,
				8F754BC1166EB28B00F74DBB /* VideoStreamsViewController.h */,
				8F754BC2166EB28C00F74DBB /* VideoStreamsViewController.m */,
				8F754BC3166EB28C00F74DBB /* VideoStreamsViewController.xib */,
			);
			name = Livestreams;
			sourceTree = "<group>";
		};
		8F754BCA166EBDEF00F74DBB /* html */ = {
			isa = PBXGroup;
			children = (
				8F1663AF1672D900003347EA /* streams_de_remote.html */,
				8F1663B01672D900003347EA /* streams_en_remote.html */,
				8F1663A71672B1B6003347EA /* streams_de.html */,
				8F1663A81672B1B6003347EA /* streams_en.html */,
			);
			path = html;
			sourceTree = SOURCE_ROOT;
		};
		8F9711AA1679505C00E6A74A /* failover */ = {
			isa = PBXGroup;
			children = (
				8F9711AB1679505C00E6A74A /* config.sh */,
				8F9711AC1679505C00E6A74A /* update_events.sh */,
				8F9711AD1679505C00E6A74A /* update_images.sh */,
			);
			path = failover;
			sourceTree = SOURCE_ROOT;
		};
		8FF92163166FFD47005A1C55 /* Semantic Wiki JSON */ = {
			isa = PBXGroup;
			children = (
				8FF92164166FFD47005A1C55 /* BBJSONConnectOperation.h */,
				8FF92165166FFD47005A1C55 /* BBJSONConnectOperation.m */,
				8FF92166166FFD47005A1C55 /* BBJSONConnector.h */,
				8FF92167166FFD47005A1C55 /* BBJSONConnector.m */,
				8FF92168166FFD47005A1C55 /* BBJSONStatusView.h */,
				8FF92169166FFD47005A1C55 /* BBJSONStatusView.m */,
				8FF9216A166FFD47005A1C55 /* icon_accepted_48.png */,
				8FF9216B166FFD47005A1C55 /* icon_cancel_48.png */,
				8FF9216C166FFD47005A1C55 /* icon_warning_48.png */,
			);
			name = "Semantic Wiki JSON";
			path = BBJSON;
			sourceTree = "<group>";
		};
		8FF92174166FFD4E005A1C55 /* Semantic Wiki Entities */ = {
			isa = PBXGroup;
			children = (
				8FF9217D166FFD4E005A1C55 /* JSONProperties.h */,
				8FF9217E166FFD4E005A1C55 /* JSONProperties.m */,
				8FF9217F166FFD4E005A1C55 /* JSONWorkshop.h */,
				8FF921A916700D7E005A1C55 /* JSONWorkshop.m */,
				8FF9217B166FFD4E005A1C55 /* JSONWorkshops.h */,
				8FF9217C166FFD4E005A1C55 /* JSONWorkshops.m */,
				8FF921AD1670107E005A1C55 /* JSONAssembly.h */,
				8FF921AE1670107E005A1C55 /* JSONAssembly.m */,
				8FF921AB1670107D005A1C55 /* JSONAssemblies.h */,
				8FF921AC1670107D005A1C55 /* JSONAssemblies.m */,
				8FF92179166FFD4E005A1C55 /* JSONArray.h */,
				8FF9217A166FFD4E005A1C55 /* JSONArray.m */,
			);
			name = "Semantic Wiki Entities";
			path = BBJSONEntities;
			sourceTree = "<group>";
		};
		8FF9219C166FFD89005A1C55 /* JASTOR */ = {
			isa = PBXGroup;
			children = (
				8FF9219D166FFD89005A1C55 /* JTDateMappings.h */,
				8FF9219E166FFD89005A1C55 /* JTDateMappings.m */,
				8FF9219F166FFD89005A1C55 /* JTISO8601DateFormatter.h */,
				8FF921A0166FFD89005A1C55 /* JTISO8601DateFormatter.m */,
				8FF921A1166FFD89005A1C55 /* JTMappings.h */,
				8FF921A2166FFD89005A1C55 /* JTMappings.m */,
				8FF921A3166FFD89005A1C55 /* NSObject+JTObjectMapping.h */,
				8FF921A4166FFD89005A1C55 /* NSObject+JTObjectMapping.m */,
			);
			path = JASTOR;
			sourceTree = "<group>";
		};
		8FF921B116701904005A1C55 /* allseeing */ = {
			isa = PBXGroup;
			children = (
				8FF921B216701905005A1C55 /* ASIAuthenticationDialog.h */,
				8FF921B316701905005A1C55 /* ASIAuthenticationDialog.m */,
				8FF921B416701905005A1C55 /* ASICacheDelegate.h */,
				8FF921B516701905005A1C55 /* ASIDataCompressor.h */,
				8FF921B616701905005A1C55 /* ASIDataCompressor.m */,
				8FF921B716701905005A1C55 /* ASIDataDecompressor.h */,
				8FF921B816701905005A1C55 /* ASIDataDecompressor.m */,
				8FF921B916701905005A1C55 /* ASIDownloadCache.h */,
				8FF921BA16701905005A1C55 /* ASIDownloadCache.m */,
				8FF921BB16701905005A1C55 /* ASIFormDataRequest.h */,
				8FF921BC16701905005A1C55 /* ASIFormDataRequest.m */,
				8FF921BD16701905005A1C55 /* ASIHTTPRequest.h */,
				8FF921BE16701905005A1C55 /* ASIHTTPRequest.m */,
				8FF921BF16701905005A1C55 /* ASIHTTPRequestConfig.h */,
				8FF921C016701905005A1C55 /* ASIHTTPRequestDelegate.h */,
				8FF921C116701905005A1C55 /* ASIInputStream.h */,
				8FF921C216701905005A1C55 /* ASIInputStream.m */,
				8FF921C316701905005A1C55 /* ASINetworkQueue.h */,
				8FF921C416701905005A1C55 /* ASINetworkQueue.m */,
				8FF921C516701905005A1C55 /* ASIProgressDelegate.h */,
				8FF921C616701905005A1C55 /* Reachability */,
			);
			path = allseeing;
			sourceTree = "<group>";
		};
		8FF921C616701905005A1C55 /* Reachability */ = {
			isa = PBXGroup;
			children = (
				8FF921C716701905005A1C55 /* Reachability.h */,
				8FF921C816701905005A1C55 /* Reachability.m */,
			);
			path = Reachability;
			sourceTree = "<group>";
		};
		8FF921D6167019F7005A1C55 /* Wiki */ = {
			isa = PBXGroup;
			children = (
				8F1663D5167505B2003347EA /* Assembly Detail */,
				8F1663DB167505C9003347EA /* Workshop Detail */,
				8FF921D716701A43005A1C55 /* ScheduleSemanticNavigationController.h */,
				8FF921D816701A43005A1C55 /* ScheduleSemanticNavigationController.m */,
				8FF921DA16701A8F005A1C55 /* SemanticItemsViewController.h */,
				8FF921DB16701A8F005A1C55 /* SemanticItemsViewController.m */,
				8FF921DC16701A8F005A1C55 /* SemanticItemsViewController.xib */,
			);
			name = Wiki;
			sourceTree = "<group>";
		};
		8FF921DF16702352005A1C55 /* json */ = {
			isa = PBXGroup;
			children = (
				E8F0F54F1678C5D00081A972 /* cachestatus.json */,
				8FF921E016702352005A1C55 /* assemblies.json */,
				8FF921E116702352005A1C55 /* workshops.json */,
			);
			path = json;
			sourceTree = SOURCE_ROOT;
		};
		8FF921E2167024A3005A1C55 /* SBJSON */ = {
			isa = PBXGroup;
			children = (
				8FF921E3167024A5005A1C55 /* NSObject+SBJson.h */,
				8FF921E4167024A5005A1C55 /* NSObject+SBJson.m */,
				8FF921E5167024A5005A1C55 /* SBJson.h */,
				8FF921E6167024A5005A1C55 /* SBJsonParser.h */,
				8FF921E7167024A5005A1C55 /* SBJsonParser.m */,
				8FF921E8167024A5005A1C55 /* SBJsonStreamParser.h */,
				8FF921E9167024A5005A1C55 /* SBJsonStreamParser.m */,
				8FF921EA167024A5005A1C55 /* SBJsonStreamParserAccumulator.h */,
				8FF921EB167024A5005A1C55 /* SBJsonStreamParserAccumulator.m */,
				8FF921EC167024A5005A1C55 /* SBJsonStreamParserState.h */,
				8FF921ED167024A5005A1C55 /* SBJsonStreamParserState.m */,
				8FF921EE167024A5005A1C55 /* SBJsonStreamWriter.h */,
				8FF921EF167024A5005A1C55 /* SBJsonStreamWriter.m */,
				8FF921F0167024A5005A1C55 /* SBJsonStreamWriterAccumulator.h */,
				8FF921F1167024A5005A1C55 /* SBJsonStreamWriterAccumulator.m */,
				8FF921F2167024A5005A1C55 /* SBJsonStreamWriterState.h */,
				8FF921F3167024A5005A1C55 /* SBJsonStreamWriterState.m */,
				8FF921F4167024A5005A1C55 /* SBJsonTokeniser.h */,
				8FF921F5167024A5005A1C55 /* SBJsonTokeniser.m */,
				8FF921F6167024A5005A1C55 /* SBJsonUTF8Stream.h */,
				8FF921F7167024A5005A1C55 /* SBJsonUTF8Stream.m */,
				8FF921F8167024A5005A1C55 /* SBJsonWriter.h */,
				8FF921F9167024A5005A1C55 /* SBJsonWriter.m */,
			);
			path = SBJSON;
			sourceTree = "<group>";
		};
		E8F0F5511678C5D80081A972 /* xml */ = {
			isa = PBXGroup;
			children = (
				E8F0F5521678C5D80081A972 /* schedule.de.xml */,
				E8F0F5531678C5D80081A972 /* schedule.en.xml */,
			);
			path = xml;
			sourceTree = "<group>";
		};
		FD1B947916774B3F0021A58A /* MKiCloudSync */ = {
			isa = PBXGroup;
			children = (
				FD1B947B16774BAD0021A58A /* MKiCloudSync.h */,
				FD1B947C16774BAD0021A58A /* MKiCloudSync.m */,
			);
			path = MKiCloudSync;
			sourceTree = "<group>";
		};
/* End PBXGroup section */

/* Begin PBXNativeTarget section */
		8F356527166B937C00814549 /* barfbag */ = {
			isa = PBXNativeTarget;
			buildConfigurationList = 8F356560166B937C00814549 /* Build configuration list for PBXNativeTarget "barfbag" */;
			buildPhases = (
				8F356524166B937C00814549 /* Sources */,
				8F356525166B937C00814549 /* Frameworks */,
				8F356526166B937C00814549 /* Resources */,
			);
			buildRules = (
			);
			dependencies = (
			);
			name = barfbag;
			productName = barfbag;
			productReference = 8F356528166B937C00814549 /* barfbag.app */;
			productType = "com.apple.product-type.application";
		};
/* End PBXNativeTarget section */

/* Begin PBXProject section */
		8F35651F166B937C00814549 /* Project object */ = {
			isa = PBXProject;
			attributes = {
				LastUpgradeCheck = 0450;
				ORGANIZATIONNAME = appdoctors;
			};
			buildConfigurationList = 8F356522166B937C00814549 /* Build configuration list for PBXProject "barfbag" */;
			compatibilityVersion = "Xcode 3.2";
			developmentRegion = English;
			hasScannedForEncodings = 0;
			knownRegions = (
				en,
				de,
			);
			mainGroup = 8F35651D166B937C00814549;
			productRefGroup = 8F356529166B937C00814549 /* Products */;
			projectDirPath = "";
			projectRoot = "";
			targets = (
				8F356527166B937C00814549 /* barfbag */,
			);
		};
/* End PBXProject section */

/* Begin PBXResourcesBuildPhase section */
		8F356526166B937C00814549 /* Resources */ = {
			isa = PBXResourcesBuildPhase;
			buildActionMask = 2147483647;
			files = (
				8F356537166B937C00814549 /* InfoPlist.strings in Resources */,
				8F35653F166B937C00814549 /* Default.png in Resources */,
				8F356541166B937C00814549 /* Default@2x.png in Resources */,
				8F356543166B937C00814549 /* Default-568h@2x.png in Resources */,
				8F754ACF166B93F000F74DBB /* Icon_57.png in Resources */,
				8F754AD0166B93F000F74DBB /* Icon_72.png in Resources */,
				8F754AD1166B93F000F74DBB /* Icon_114.png in Resources */,
				8F754AD2166B93F000F74DBB /* Icon_144.png in Resources */,
				8F754AD3166B93F000F74DBB /* Icon_1024.png in Resources */,
				8F754AEE166C1E5F00F74DBB /* SourceCodePro-Black.ttf in Resources */,
				8F754AEF166C1E5F00F74DBB /* SourceCodePro-Bold.ttf in Resources */,
				8F754AF0166C1E5F00F74DBB /* SourceCodePro-ExtraLight.ttf in Resources */,
				8F754AF1166C1E5F00F74DBB /* SourceCodePro-Light.ttf in Resources */,
				8F754AF2166C1E5F00F74DBB /* SourceCodePro-Regular.ttf in Resources */,
				8F754AF3166C1E5F00F74DBB /* SourceCodePro-Semibold.ttf in Resources */,
				8F754B04166C221600F74DBB /* plan.png in Resources */,
				8F754B05166C221600F74DBB /* plan@2x.png in Resources */,
				8F754B06166C221600F74DBB /* settings.png in Resources */,
				8F754B07166C221600F74DBB /* settings@2x.png in Resources */,
				8F754B0C166C22A100F74DBB /* WelcomeViewController.xib in Resources */,
				8F754B15166C279800F74DBB /* EventsViewController.xib in Resources */,
				8F754B1C166C2B5C00F74DBB /* ConfigurationViewController.xib in Resources */,
				8F754BC5166EB28C00F74DBB /* VideoStreamsViewController.xib in Resources */,
				8F754BC8166EB47200F74DBB /* video.png in Resources */,
				8F754BC9166EB47200F74DBB /* video@2x.png in Resources */,
				8FF92170166FFD47005A1C55 /* icon_accepted_48.png in Resources */,
				8FF92171166FFD47005A1C55 /* icon_cancel_48.png in Resources */,
				8FF92172166FFD47005A1C55 /* icon_warning_48.png in Resources */,
				8FF921DE16701A8F005A1C55 /* SemanticItemsViewController.xib in Resources */,
				8F00603416715330001E77E5 /* Localizable.strings in Resources */,
				8F4B6BCD1671544400AE6880 /* assemblies.json in Resources */,
				8F4B6BCE1671544400AE6880 /* workshops.json in Resources */,
				8F1663771672A258003347EA /* Default-Portrait~ipad.png in Resources */,
				8F1663791672A25E003347EA /* Default-Landscape~ipad.png in Resources */,
				8F16637B1672A264003347EA /* Default-Portrait@2x~ipad.png in Resources */,
				8F16637D1672A267003347EA /* Default-Landscape@2x~ipad.png in Resources */,
				8F1663821672A7E4003347EA /* favourites.png in Resources */,
				8F1663831672A7E4003347EA /* favourites@2x.png in Resources */,
				8F1663841672A7E4003347EA /* wikiplan.png in Resources */,
				8F1663851672A7E4003347EA /* wikiplan@2x.png in Resources */,
				8F1663931672A9DE003347EA /* FavouritesViewController.xib in Resources */,
				8F1663A91672B1B6003347EA /* streams_de.html in Resources */,
				8F1663AA1672B1B6003347EA /* streams_en.html in Resources */,
				8F1663CE1675055A003347EA /* EventDetailViewController.xib in Resources */,
				8F1663D4167505AE003347EA /* AssemblyDetailViewController.xib in Resources */,
				8F1663DA167505C5003347EA /* WorkshopDetailViewController.xib in Resources */,
				8F96FCFE1676853600EE0D5B /* GenericDetailViewController.xib in Resources */,
				E8E5D8231678B9AC00590612 /* config_remote.plist in Resources */,
			);
			runOnlyForDeploymentPostprocessing = 0;
		};
/* End PBXResourcesBuildPhase section */

/* Begin PBXSourcesBuildPhase section */
		8F356524166B937C00814549 /* Sources */ = {
			isa = PBXSourcesBuildPhase;
			buildActionMask = 2147483647;
			files = (
				8F356539166B937C00814549 /* main.m in Sources */,
				8F35653D166B937C00814549 /* AppDelegate.m in Sources */,
				8F754AF9166C1F4300F74DBB /* ScheduleNavigationController.m in Sources */,
				8F754AFE166C1F6D00F74DBB /* ConfigurationNavigationController.m in Sources */,
				8F754B0B166C22A100F74DBB /* WelcomeViewController.m in Sources */,
				8F754B14166C279800F74DBB /* EventsViewController.m in Sources */,
				8F754B1B166C2B5C00F74DBB /* ConfigurationViewController.m in Sources */,
				8F754B24166C2F0800F74DBB /* UIColor-Expanded.m in Sources */,
				8F754B2B166C36A100F74DBB /* GenericViewController.m in Sources */,
				8F754B3A166D556600F74DBB /* SinaURLConnection.m in Sources */,
				8F754B4D166D5D0600F74DBB /* UIDevice-Versions.m in Sources */,
				8F754B6F166D73B000F74DBB /* Conference.m in Sources */,
				8F754B70166D73B000F74DBB /* Day.m in Sources */,
				8F754B71166D73B000F74DBB /* Event.m in Sources */,
				8F754B72166D73B000F74DBB /* Link.m in Sources */,
				8F754B73166D73B000F74DBB /* BarfBagParser.m in Sources */,
				8F754B74166D73B000F74DBB /* Person.m in Sources */,
				8F754B77166D77E700F74DBB /* RegexKitLite.m in Sources */,
				8F754B8F166E828700F74DBB /* NSString-Toolkit.m in Sources */,
				8F754B99166EA65800F74DBB /* GenericTableViewController.m in Sources */,
				8F754B9C166EA7EA00F74DBB /* GenericTabBarController.m in Sources */,
				8F754BB5166EAB5E00F74DBB /* ATMHud.m in Sources */,
				8F754BB6166EAB5E00F74DBB /* ATMHudQueueItem.m in Sources */,
				8F754BB7166EAB5E00F74DBB /* ATMHudView.m in Sources */,
				8F754BB8166EAB5E00F74DBB /* ATMProgressLayer.m in Sources */,
				8F754BB9166EAB5E00F74DBB /* ATMSoundFX.m in Sources */,
				8F754BBA166EAB5E00F74DBB /* ATMTextLayer.m in Sources */,
				8F754BBF166EB0AE00F74DBB /* VideoStreamNavigationController.m in Sources */,
				8F754BC4166EB28C00F74DBB /* VideoStreamsViewController.m in Sources */,
				8FF9216D166FFD47005A1C55 /* BBJSONConnectOperation.m in Sources */,
				8FF9216E166FFD47005A1C55 /* BBJSONConnector.m in Sources */,
				8FF9216F166FFD47005A1C55 /* BBJSONStatusView.m in Sources */,
				8FF92191166FFD4E005A1C55 /* JSONArray.m in Sources */,
				8FF92192166FFD4E005A1C55 /* JSONWorkshops.m in Sources */,
				8FF92193166FFD4E005A1C55 /* JSONProperties.m in Sources */,
				8FF921A5166FFD89005A1C55 /* JTDateMappings.m in Sources */,
				8FF921A6166FFD89005A1C55 /* JTISO8601DateFormatter.m in Sources */,
				8FF921A7166FFD89005A1C55 /* JTMappings.m in Sources */,
				8FF921A8166FFD89005A1C55 /* NSObject+JTObjectMapping.m in Sources */,
				8FF921AA16700D7E005A1C55 /* JSONWorkshop.m in Sources */,
				8FF921AF1670107E005A1C55 /* JSONAssemblies.m in Sources */,
				8FF921B01670107E005A1C55 /* JSONAssembly.m in Sources */,
				8FF921C916701905005A1C55 /* ASIAuthenticationDialog.m in Sources */,
				8FF921CA16701905005A1C55 /* ASIDataCompressor.m in Sources */,
				8FF921CB16701905005A1C55 /* ASIDataDecompressor.m in Sources */,
				8FF921CC16701905005A1C55 /* ASIDownloadCache.m in Sources */,
				8FF921CD16701905005A1C55 /* ASIFormDataRequest.m in Sources */,
				8FF921CE16701905005A1C55 /* ASIHTTPRequest.m in Sources */,
				8FF921CF16701905005A1C55 /* ASIInputStream.m in Sources */,
				8FF921D016701905005A1C55 /* ASINetworkQueue.m in Sources */,
				8FF921D116701905005A1C55 /* Reachability.m in Sources */,
				8FF921D916701A43005A1C55 /* ScheduleSemanticNavigationController.m in Sources */,
				8FF921DD16701A8F005A1C55 /* SemanticItemsViewController.m in Sources */,
				8FF921FA167024A5005A1C55 /* NSObject+SBJson.m in Sources */,
				8FF921FB167024A5005A1C55 /* SBJsonParser.m in Sources */,
				8FF921FC167024A5005A1C55 /* SBJsonStreamParser.m in Sources */,
				8FF921FD167024A5005A1C55 /* SBJsonStreamParserAccumulator.m in Sources */,
				8FF921FE167024A5005A1C55 /* SBJsonStreamParserState.m in Sources */,
				8FF921FF167024A5005A1C55 /* SBJsonStreamWriter.m in Sources */,
				8FF92200167024A5005A1C55 /* SBJsonStreamWriterAccumulator.m in Sources */,
				8FF92201167024A5005A1C55 /* SBJsonStreamWriterState.m in Sources */,
				8FF92202167024A5005A1C55 /* SBJsonTokeniser.m in Sources */,
				8FF92203167024A5005A1C55 /* SBJsonUTF8Stream.m in Sources */,
				8FF92204167024A5005A1C55 /* SBJsonWriter.m in Sources */,
				8F1663881672A91C003347EA /* FavouritesNavigationController.m in Sources */,
				8F1663921672A9DE003347EA /* FavouritesViewController.m in Sources */,
				8F1663BB16736871003347EA /* FavouriteManager.m in Sources */,
				8F1663BE16736A05003347EA /* FavouriteItem.m in Sources */,
				8F1663CD1675055A003347EA /* EventDetailViewController.m in Sources */,
				8F1663D3167505AE003347EA /* AssemblyDetailViewController.m in Sources */,
				8F1663D9167505C5003347EA /* WorkshopDetailViewController.m in Sources */,
				8F96FCFD1676853600EE0D5B /* GenericDetailViewController.m in Sources */,
				FD1B947D16774BAD0021A58A /* MKiCloudSync.m in Sources */,
				E8F0F5561678C8E70081A972 /* MasterConfig.m in Sources */,
			);
			runOnlyForDeploymentPostprocessing = 0;
		};
/* End PBXSourcesBuildPhase section */

/* Begin PBXVariantGroup section */
		8F00603616715330001E77E5 /* Localizable.strings */ = {
			isa = PBXVariantGroup;
			children = (
				8F00603516715330001E77E5 /* en */,
				8F4B6BCC1671544400AE6880 /* de */,
			);
			name = Localizable.strings;
			sourceTree = "<group>";
		};
		8F356535166B937C00814549 /* InfoPlist.strings */ = {
			isa = PBXVariantGroup;
			children = (
				8F356536166B937C00814549 /* en */,
				8F4B6BCF1671545C00AE6880 /* de */,
			);
			name = InfoPlist.strings;
			sourceTree = "<group>";
		};
/* End PBXVariantGroup section */

/* Begin XCBuildConfiguration section */
		8F35655E166B937C00814549 /* Debug */ = {
			isa = XCBuildConfiguration;
			buildSettings = {
				ALWAYS_SEARCH_USER_PATHS = NO;
				CLANG_CXX_LANGUAGE_STANDARD = "gnu++0x";
				CLANG_CXX_LIBRARY = "libc++";
				CLANG_WARN_EMPTY_BODY = YES;
				CLANG_WARN__DUPLICATE_METHOD_MATCH = YES;
				"CODE_SIGN_IDENTITY[sdk=iphoneos*]" = "iPhone Developer";
				COPY_PHASE_STRIP = NO;
				GCC_C_LANGUAGE_STANDARD = gnu99;
				GCC_DYNAMIC_NO_PIC = NO;
				GCC_OPTIMIZATION_LEVEL = 0;
				GCC_PREPROCESSOR_DEFINITIONS = (
					"DEBUG=1",
					"$(inherited)",
				);
				GCC_SYMBOLS_PRIVATE_EXTERN = NO;
				GCC_WARN_ABOUT_RETURN_TYPE = YES;
				GCC_WARN_UNINITIALIZED_AUTOS = YES;
				GCC_WARN_UNUSED_VARIABLE = YES;
				IPHONEOS_DEPLOYMENT_TARGET = 4.3;
				ONLY_ACTIVE_ARCH = YES;
				SDKROOT = iphoneos;
				TARGETED_DEVICE_FAMILY = "1,2";
			};
			name = Debug;
		};
		8F35655F166B937C00814549 /* Release */ = {
			isa = XCBuildConfiguration;
			buildSettings = {
				ALWAYS_SEARCH_USER_PATHS = NO;
				CLANG_CXX_LANGUAGE_STANDARD = "gnu++0x";
				CLANG_CXX_LIBRARY = "libc++";
				CLANG_WARN_EMPTY_BODY = YES;
				CLANG_WARN__DUPLICATE_METHOD_MATCH = YES;
				"CODE_SIGN_IDENTITY[sdk=iphoneos*]" = "iPhone Distribution: Helge Staedtler";
				COPY_PHASE_STRIP = YES;
				GCC_C_LANGUAGE_STANDARD = gnu99;
				GCC_WARN_ABOUT_RETURN_TYPE = YES;
				GCC_WARN_UNINITIALIZED_AUTOS = YES;
				GCC_WARN_UNUSED_VARIABLE = YES;
				IPHONEOS_DEPLOYMENT_TARGET = 4.3;
				ONLY_ACTIVE_ARCH = YES;
				OTHER_CFLAGS = "-DNS_BLOCK_ASSERTIONS=1";
				"PROVISIONING_PROFILE[sdk=iphoneos*]" = "98EFE9AB-10D4-4030-ABF2-5287A41AC37E";
				SDKROOT = iphoneos;
				TARGETED_DEVICE_FAMILY = "1,2";
				VALIDATE_PRODUCT = YES;
			};
			name = Release;
		};
		8F356561166B937C00814549 /* Debug */ = {
			isa = XCBuildConfiguration;
			buildSettings = {
				CODE_SIGN_ENTITLEMENTS = barfbag/barfbag.entitlements;
				GCC_PRECOMPILE_PREFIX_HEADER = YES;
				GCC_PREFIX_HEADER = "barfbag/barfbag-Prefix.pch";
				INFOPLIST_FILE = "barfbag/barfbag-Info.plist";
				PRODUCT_NAME = "$(TARGET_NAME)";
				WRAPPER_EXTENSION = app;
			};
			name = Debug;
		};
		8F356562166B937C00814549 /* Release */ = {
			isa = XCBuildConfiguration;
			buildSettings = {
				CODE_SIGN_ENTITLEMENTS = barfbag/barfbag.entitlements;
				GCC_PRECOMPILE_PREFIX_HEADER = YES;
				GCC_PREFIX_HEADER = "barfbag/barfbag-Prefix.pch";
				INFOPLIST_FILE = "barfbag/barfbag-Info.plist";
				PRODUCT_NAME = "$(TARGET_NAME)";
				WRAPPER_EXTENSION = app;
			};
			name = Release;
		};
/* End XCBuildConfiguration section */

/* Begin XCConfigurationList section */
		8F356522166B937C00814549 /* Build configuration list for PBXProject "barfbag" */ = {
			isa = XCConfigurationList;
			buildConfigurations = (
				8F35655E166B937C00814549 /* Debug */,
				8F35655F166B937C00814549 /* Release */,
			);
			defaultConfigurationIsVisible = 0;
			defaultConfigurationName = Release;
		};
		8F356560166B937C00814549 /* Build configuration list for PBXNativeTarget "barfbag" */ = {
			isa = XCConfigurationList;
			buildConfigurations = (
				8F356561166B937C00814549 /* Debug */,
				8F356562166B937C00814549 /* Release */,
			);
			defaultConfigurationIsVisible = 0;
			defaultConfigurationName = Release;
		};
/* End XCConfigurationList section */
	};
	rootObject = 8F35651F166B937C00814549 /* Project object */;
}
