// !$*UTF8*$!
{
	archiveVersion = 1;
	classes = {
	};
	objectVersion = 46;
	objects = {

/* Begin PBXBuildFile section */
		8F35652D166B937C00814549 /* UIKit.framework in Frameworks */ = {isa = PBXBuildFile; fileRef = 8F35652C166B937C00814549 /* UIKit.framework */; };
		8F35652F166B937C00814549 /* Foundation.framework in Frameworks */ = {isa = PBXBuildFile; fileRef = 8F35652E166B937C00814549 /* Foundation.framework */; };
		8F356531166B937C00814549 /* CoreGraphics.framework in Frameworks */ = {isa = PBXBuildFile; fileRef = 8F356530166B937C00814549 /* CoreGraphics.framework */; };
		8F356537166B937C00814549 /* InfoPlist.strings in Resources */ = {isa = PBXBuildFile; fileRef = 8F356535166B937C00814549 /* InfoPlist.strings */; };
		8F356539166B937C00814549 /* main.m in Sources */ = {isa = PBXBuildFile; fileRef = 8F356538166B937C00814549 /* main.m */; };
		8F35653D166B937C00814549 /* AppDelegate.m in Sources */ = {isa = PBXBuildFile; fileRef = 8F35653C166B937C00814549 /* AppDelegate.m */; };
		8F35653F166B937C00814549 /* Default.png in Resources */ = {isa = PBXBuildFile; fileRef = 8F35653E166B937C00814549 /* Default.png */; };
		8F356541166B937C00814549 /* Default@2x.png in Resources */ = {isa = PBXBuildFile; fileRef = 8F356540166B937C00814549 /* Default@2x.png */; };
		8F356543166B937C00814549 /* Default-568h@2x.png in Resources */ = {isa = PBXBuildFile; fileRef = 8F356542166B937C00814549 /* Default-568h@2x.png */; };
		8F754ACF166B93F000F74DBB /* Icon_57.png in Resources */ = {isa = PBXBuildFile; fileRef = 8F754AC9166B93F000F74DBB /* Icon_57.png */; };
		8F754AD0166B93F000F74DBB /* Icon_72.png in Resources */ = {isa = PBXBuildFile; fileRef = 8F754ACA166B93F000F74DBB /* Icon_72.png */; };
		8F754AD1166B93F000F74DBB /* Icon_114.png in Resources */ = {isa = PBXBuildFile; fileRef = 8F754ACB166B93F000F74DBB /* Icon_114.png */; };
		8F754AD2166B93F000F74DBB /* Icon_144.png in Resources */ = {isa = PBXBuildFile; fileRef = 8F754ACC166B93F000F74DBB /* Icon_144.png */; };
		8F754AD3166B93F000F74DBB /* Icon_1024.png in Resources */ = {isa = PBXBuildFile; fileRef = 8F754ACD166B93F000F74DBB /* Icon_1024.png */; };
		8F754AEE166C1E5F00F74DBB /* SourceCodePro-Black.ttf in Resources */ = {isa = PBXBuildFile; fileRef = 8F754AE5166C1E5F00F74DBB /* SourceCodePro-Black.ttf */; };
		8F754AEF166C1E5F00F74DBB /* SourceCodePro-Bold.ttf in Resources */ = {isa = PBXBuildFile; fileRef = 8F754AE6166C1E5F00F74DBB /* SourceCodePro-Bold.ttf */; };
		8F754AF0166C1E5F00F74DBB /* SourceCodePro-ExtraLight.ttf in Resources */ = {isa = PBXBuildFile; fileRef = 8F754AE7166C1E5F00F74DBB /* SourceCodePro-ExtraLight.ttf */; };
		8F754AF1166C1E5F00F74DBB /* SourceCodePro-Light.ttf in Resources */ = {isa = PBXBuildFile; fileRef = 8F754AE8166C1E5F00F74DBB /* SourceCodePro-Light.ttf */; };
		8F754AF2166C1E5F00F74DBB /* SourceCodePro-Regular.ttf in Resources */ = {isa = PBXBuildFile; fileRef = 8F754AE9166C1E5F00F74DBB /* SourceCodePro-Regular.ttf */; };
		8F754AF3166C1E5F00F74DBB /* SourceCodePro-Semibold.ttf in Resources */ = {isa = PBXBuildFile; fileRef = 8F754AEA166C1E5F00F74DBB /* SourceCodePro-Semibold.ttf */; };
		8F754AF9166C1F4300F74DBB /* FahrplanViewController.m in Sources */ = {isa = PBXBuildFile; fileRef = 8F754AF7166C1F4300F74DBB /* FahrplanViewController.m */; };
		8F754AFA166C1F4300F74DBB /* FahrplanViewController.xib in Resources */ = {isa = PBXBuildFile; fileRef = 8F754AF8166C1F4300F74DBB /* FahrplanViewController.xib */; };
		8F754AFE166C1F6D00F74DBB /* SettingsViewController.m in Sources */ = {isa = PBXBuildFile; fileRef = 8F754AFC166C1F6D00F74DBB /* SettingsViewController.m */; };
		8F754AFF166C1F6D00F74DBB /* SettingsViewController.xib in Resources */ = {isa = PBXBuildFile; fileRef = 8F754AFD166C1F6D00F74DBB /* SettingsViewController.xib */; };
		8F754B04166C221600F74DBB /* plan.png in Resources */ = {isa = PBXBuildFile; fileRef = 8F754B00166C221600F74DBB /* plan.png */; };
		8F754B05166C221600F74DBB /* plan@2x.png in Resources */ = {isa = PBXBuildFile; fileRef = 8F754B01166C221600F74DBB /* plan@2x.png */; };
		8F754B06166C221600F74DBB /* settings.png in Resources */ = {isa = PBXBuildFile; fileRef = 8F754B02166C221600F74DBB /* settings.png */; };
		8F754B07166C221600F74DBB /* settings@2x.png in Resources */ = {isa = PBXBuildFile; fileRef = 8F754B03166C221600F74DBB /* settings@2x.png */; };
		8F754B0B166C22A100F74DBB /* WelcomeViewController.m in Sources */ = {isa = PBXBuildFile; fileRef = 8F754B09166C22A100F74DBB /* WelcomeViewController.m */; };
		8F754B0C166C22A100F74DBB /* WelcomeViewController.xib in Resources */ = {isa = PBXBuildFile; fileRef = 8F754B0A166C22A100F74DBB /* WelcomeViewController.xib */; };
		8F754B14166C279800F74DBB /* EventsViewController.m in Sources */ = {isa = PBXBuildFile; fileRef = 8F754B12166C279800F74DBB /* EventsViewController.m */; };
		8F754B15166C279800F74DBB /* EventsViewController.xib in Resources */ = {isa = PBXBuildFile; fileRef = 8F754B13166C279800F74DBB /* EventsViewController.xib */; };
		8F754B1B166C2B5C00F74DBB /* StandardSettingsViewController.m in Sources */ = {isa = PBXBuildFile; fileRef = 8F754B19166C2B5C00F74DBB /* StandardSettingsViewController.m */; };
		8F754B1C166C2B5C00F74DBB /* StandardSettingsViewController.xib in Resources */ = {isa = PBXBuildFile; fileRef = 8F754B1A166C2B5C00F74DBB /* StandardSettingsViewController.xib */; };
		8F754B24166C2F0800F74DBB /* UIColor-Expanded.m in Sources */ = {isa = PBXBuildFile; fileRef = 8F754B23166C2F0800F74DBB /* UIColor-Expanded.m */; };
		8F754B2B166C36A100F74DBB /* GenericViewController.m in Sources */ = {isa = PBXBuildFile; fileRef = 8F754B2A166C36A000F74DBB /* GenericViewController.m */; };
		8F754B3A166D556600F74DBB /* SinaURLConnection.m in Sources */ = {isa = PBXBuildFile; fileRef = 8F754B39166D556600F74DBB /* SinaURLConnection.m */; };
		8F754B4D166D5D0600F74DBB /* UIDevice-Versions.m in Sources */ = {isa = PBXBuildFile; fileRef = 8F754B4C166D5D0600F74DBB /* UIDevice-Versions.m */; };
		8F754B4F166D5D5500F74DBB /* MobileCoreServices.framework in Frameworks */ = {isa = PBXBuildFile; fileRef = 8F754B4E166D5D5500F74DBB /* MobileCoreServices.framework */; };
		8F754B51166D5D6B00F74DBB /* SystemConfiguration.framework in Frameworks */ = {isa = PBXBuildFile; fileRef = 8F754B50166D5D6B00F74DBB /* SystemConfiguration.framework */; };
		8F754B6F166D73B000F74DBB /* Conference.m in Sources */ = {isa = PBXBuildFile; fileRef = 8F754B64166D73B000F74DBB /* Conference.m */; };
		8F754B70166D73B000F74DBB /* Day.m in Sources */ = {isa = PBXBuildFile; fileRef = 8F754B66166D73B000F74DBB /* Day.m */; };
		8F754B71166D73B000F74DBB /* Event.m in Sources */ = {isa = PBXBuildFile; fileRef = 8F754B68166D73B000F74DBB /* Event.m */; };
		8F754B72166D73B000F74DBB /* Link.m in Sources */ = {isa = PBXBuildFile; fileRef = 8F754B6A166D73B000F74DBB /* Link.m */; };
		8F754B73166D73B000F74DBB /* BarfBagParser.m in Sources */ = {isa = PBXBuildFile; fileRef = 8F754B6C166D73B000F74DBB /* BarfBagParser.m */; };
		8F754B74166D73B000F74DBB /* Person.m in Sources */ = {isa = PBXBuildFile; fileRef = 8F754B6E166D73B000F74DBB /* Person.m */; };
		8F754B77166D77E700F74DBB /* RegexKitLite.m in Sources */ = {isa = PBXBuildFile; fileRef = 8F754B76166D77E700F74DBB /* RegexKitLite.m */; };
		8F754B79166D7B4200F74DBB /* libicucore.dylib in Frameworks */ = {isa = PBXBuildFile; fileRef = 8F754B78166D7B4100F74DBB /* libicucore.dylib */; };
		8F754B8F166E828700F74DBB /* NSString-Toolkit.m in Sources */ = {isa = PBXBuildFile; fileRef = 8F754B8E166E828700F74DBB /* NSString-Toolkit.m */; };
/* End PBXBuildFile section */

/* Begin PBXFileReference section */
		8F356528166B937C00814549 /* barfbag.app */ = {isa = PBXFileReference; explicitFileType = wrapper.application; includeInIndex = 0; path = barfbag.app; sourceTree = BUILT_PRODUCTS_DIR; };
		8F35652C166B937C00814549 /* UIKit.framework */ = {isa = PBXFileReference; lastKnownFileType = wrapper.framework; name = UIKit.framework; path = System/Library/Frameworks/UIKit.framework; sourceTree = SDKROOT; };
		8F35652E166B937C00814549 /* Foundation.framework */ = {isa = PBXFileReference; lastKnownFileType = wrapper.framework; name = Foundation.framework; path = System/Library/Frameworks/Foundation.framework; sourceTree = SDKROOT; };
		8F356530166B937C00814549 /* CoreGraphics.framework */ = {isa = PBXFileReference; lastKnownFileType = wrapper.framework; name = CoreGraphics.framework; path = System/Library/Frameworks/CoreGraphics.framework; sourceTree = SDKROOT; };
		8F356534166B937C00814549 /* barfbag-Info.plist */ = {isa = PBXFileReference; lastKnownFileType = text.plist.xml; path = "barfbag-Info.plist"; sourceTree = "<group>"; };
		8F356536166B937C00814549 /* en */ = {isa = PBXFileReference; lastKnownFileType = text.plist.strings; name = en; path = en.lproj/InfoPlist.strings; sourceTree = "<group>"; };
		8F356538166B937C00814549 /* main.m */ = {isa = PBXFileReference; lastKnownFileType = sourcecode.c.objc; path = main.m; sourceTree = "<group>"; };
		8F35653A166B937C00814549 /* barfbag-Prefix.pch */ = {isa = PBXFileReference; lastKnownFileType = sourcecode.c.h; name = "barfbag-Prefix.pch"; path = "barfbag/barfbag-Prefix.pch"; sourceTree = "<group>"; };
		8F35653B166B937C00814549 /* AppDelegate.h */ = {isa = PBXFileReference; lastKnownFileType = sourcecode.c.h; path = AppDelegate.h; sourceTree = "<group>"; };
		8F35653C166B937C00814549 /* AppDelegate.m */ = {isa = PBXFileReference; lastKnownFileType = sourcecode.c.objc; path = AppDelegate.m; sourceTree = "<group>"; };
		8F35653E166B937C00814549 /* Default.png */ = {isa = PBXFileReference; lastKnownFileType = image.png; path = Default.png; sourceTree = "<group>"; };
		8F356540166B937C00814549 /* Default@2x.png */ = {isa = PBXFileReference; lastKnownFileType = image.png; path = "Default@2x.png"; sourceTree = "<group>"; };
		8F356542166B937C00814549 /* Default-568h@2x.png */ = {isa = PBXFileReference; lastKnownFileType = image.png; path = "Default-568h@2x.png"; sourceTree = "<group>"; };
		8F754AC9166B93F000F74DBB /* Icon_57.png */ = {isa = PBXFileReference; lastKnownFileType = image.png; path = Icon_57.png; sourceTree = "<group>"; };
		8F754ACA166B93F000F74DBB /* Icon_72.png */ = {isa = PBXFileReference; lastKnownFileType = image.png; path = Icon_72.png; sourceTree = "<group>"; };
		8F754ACB166B93F000F74DBB /* Icon_114.png */ = {isa = PBXFileReference; lastKnownFileType = image.png; path = Icon_114.png; sourceTree = "<group>"; };
		8F754ACC166B93F000F74DBB /* Icon_144.png */ = {isa = PBXFileReference; lastKnownFileType = image.png; path = Icon_144.png; sourceTree = "<group>"; };
		8F754ACD166B93F000F74DBB /* Icon_1024.png */ = {isa = PBXFileReference; lastKnownFileType = image.png; path = Icon_1024.png; sourceTree = "<group>"; };
		8F754AE3166C1E5F00F74DBB /* LICENSE.txt */ = {isa = PBXFileReference; fileEncoding = 4; lastKnownFileType = text; path = LICENSE.txt; sourceTree = "<group>"; };
		8F754AE4166C1E5F00F74DBB /* ReadMe.html */ = {isa = PBXFileReference; fileEncoding = 4; lastKnownFileType = text.html; path = ReadMe.html; sourceTree = "<group>"; };
		8F754AE5166C1E5F00F74DBB /* SourceCodePro-Black.ttf */ = {isa = PBXFileReference; lastKnownFileType = file; path = "SourceCodePro-Black.ttf"; sourceTree = "<group>"; };
		8F754AE6166C1E5F00F74DBB /* SourceCodePro-Bold.ttf */ = {isa = PBXFileReference; lastKnownFileType = file; path = "SourceCodePro-Bold.ttf"; sourceTree = "<group>"; };
		8F754AE7166C1E5F00F74DBB /* SourceCodePro-ExtraLight.ttf */ = {isa = PBXFileReference; lastKnownFileType = file; path = "SourceCodePro-ExtraLight.ttf"; sourceTree = "<group>"; };
		8F754AE8166C1E5F00F74DBB /* SourceCodePro-Light.ttf */ = {isa = PBXFileReference; lastKnownFileType = file; path = "SourceCodePro-Light.ttf"; sourceTree = "<group>"; };
		8F754AE9166C1E5F00F74DBB /* SourceCodePro-Regular.ttf */ = {isa = PBXFileReference; lastKnownFileType = file; path = "SourceCodePro-Regular.ttf"; sourceTree = "<group>"; };
		8F754AEA166C1E5F00F74DBB /* SourceCodePro-Semibold.ttf */ = {isa = PBXFileReference; lastKnownFileType = file; path = "SourceCodePro-Semibold.ttf"; sourceTree = "<group>"; };
		8F754AEB166C1E5F00F74DBB /* SourceCodeProReadMe.html */ = {isa = PBXFileReference; fileEncoding = 4; lastKnownFileType = text.html; path = SourceCodeProReadMe.html; sourceTree = "<group>"; };
		8F754AF6166C1F4300F74DBB /* FahrplanViewController.h */ = {isa = PBXFileReference; fileEncoding = 4; lastKnownFileType = sourcecode.c.h; path = FahrplanViewController.h; sourceTree = "<group>"; };
		8F754AF7166C1F4300F74DBB /* FahrplanViewController.m */ = {isa = PBXFileReference; fileEncoding = 4; lastKnownFileType = sourcecode.c.objc; path = FahrplanViewController.m; sourceTree = "<group>"; };
		8F754AF8166C1F4300F74DBB /* FahrplanViewController.xib */ = {isa = PBXFileReference; fileEncoding = 4; lastKnownFileType = file.xib; path = FahrplanViewController.xib; sourceTree = "<group>"; };
		8F754AFB166C1F6D00F74DBB /* SettingsViewController.h */ = {isa = PBXFileReference; fileEncoding = 4; lastKnownFileType = sourcecode.c.h; path = SettingsViewController.h; sourceTree = "<group>"; };
		8F754AFC166C1F6D00F74DBB /* SettingsViewController.m */ = {isa = PBXFileReference; fileEncoding = 4; lastKnownFileType = sourcecode.c.objc; path = SettingsViewController.m; sourceTree = "<group>"; };
		8F754AFD166C1F6D00F74DBB /* SettingsViewController.xib */ = {isa = PBXFileReference; fileEncoding = 4; lastKnownFileType = file.xib; path = SettingsViewController.xib; sourceTree = "<group>"; };
		8F754B00166C221600F74DBB /* plan.png */ = {isa = PBXFileReference; lastKnownFileType = image.png; name = plan.png; path = images/plan.png; sourceTree = SOURCE_ROOT; };
		8F754B01166C221600F74DBB /* plan@2x.png */ = {isa = PBXFileReference; lastKnownFileType = image.png; name = "plan@2x.png"; path = "images/plan@2x.png"; sourceTree = SOURCE_ROOT; };
		8F754B02166C221600F74DBB /* settings.png */ = {isa = PBXFileReference; lastKnownFileType = image.png; name = settings.png; path = images/settings.png; sourceTree = SOURCE_ROOT; };
		8F754B03166C221600F74DBB /* settings@2x.png */ = {isa = PBXFileReference; lastKnownFileType = image.png; name = "settings@2x.png"; path = "images/settings@2x.png"; sourceTree = SOURCE_ROOT; };
		8F754B08166C22A100F74DBB /* WelcomeViewController.h */ = {isa = PBXFileReference; fileEncoding = 4; lastKnownFileType = sourcecode.c.h; path = WelcomeViewController.h; sourceTree = "<group>"; };
		8F754B09166C22A100F74DBB /* WelcomeViewController.m */ = {isa = PBXFileReference; fileEncoding = 4; lastKnownFileType = sourcecode.c.objc; path = WelcomeViewController.m; sourceTree = "<group>"; };
		8F754B0A166C22A100F74DBB /* WelcomeViewController.xib */ = {isa = PBXFileReference; fileEncoding = 4; lastKnownFileType = file.xib; path = WelcomeViewController.xib; sourceTree = "<group>"; };
		8F754B11166C279800F74DBB /* EventsViewController.h */ = {isa = PBXFileReference; fileEncoding = 4; lastKnownFileType = sourcecode.c.h; path = EventsViewController.h; sourceTree = "<group>"; };
		8F754B12166C279800F74DBB /* EventsViewController.m */ = {isa = PBXFileReference; fileEncoding = 4; lastKnownFileType = sourcecode.c.objc; path = EventsViewController.m; sourceTree = "<group>"; };
		8F754B13166C279800F74DBB /* EventsViewController.xib */ = {isa = PBXFileReference; fileEncoding = 4; lastKnownFileType = file.xib; path = EventsViewController.xib; sourceTree = "<group>"; };
		8F754B18166C2B5C00F74DBB /* StandardSettingsViewController.h */ = {isa = PBXFileReference; fileEncoding = 4; lastKnownFileType = sourcecode.c.h; path = StandardSettingsViewController.h; sourceTree = "<group>"; };
		8F754B19166C2B5C00F74DBB /* StandardSettingsViewController.m */ = {isa = PBXFileReference; fileEncoding = 4; lastKnownFileType = sourcecode.c.objc; path = StandardSettingsViewController.m; sourceTree = "<group>"; };
		8F754B1A166C2B5C00F74DBB /* StandardSettingsViewController.xib */ = {isa = PBXFileReference; fileEncoding = 4; lastKnownFileType = file.xib; path = StandardSettingsViewController.xib; sourceTree = "<group>"; };
		8F754B22166C2F0800F74DBB /* UIColor-Expanded.h */ = {isa = PBXFileReference; fileEncoding = 4; lastKnownFileType = sourcecode.c.h; path = "UIColor-Expanded.h"; sourceTree = "<group>"; };
		8F754B23166C2F0800F74DBB /* UIColor-Expanded.m */ = {isa = PBXFileReference; fileEncoding = 4; lastKnownFileType = sourcecode.c.objc; path = "UIColor-Expanded.m"; sourceTree = "<group>"; };
		8F754B29166C36A000F74DBB /* GenericViewController.h */ = {isa = PBXFileReference; fileEncoding = 4; lastKnownFileType = sourcecode.c.h; path = GenericViewController.h; sourceTree = "<group>"; };
		8F754B2A166C36A000F74DBB /* GenericViewController.m */ = {isa = PBXFileReference; fileEncoding = 4; lastKnownFileType = sourcecode.c.objc; path = GenericViewController.m; sourceTree = "<group>"; };
		8F754B38166D556600F74DBB /* SinaURLConnection.h */ = {isa = PBXFileReference; fileEncoding = 4; lastKnownFileType = sourcecode.c.h; path = SinaURLConnection.h; sourceTree = "<group>"; };
		8F754B39166D556600F74DBB /* SinaURLConnection.m */ = {isa = PBXFileReference; fileEncoding = 4; lastKnownFileType = sourcecode.c.objc; path = SinaURLConnection.m; sourceTree = "<group>"; };
		8F754B4B166D5D0600F74DBB /* UIDevice-Versions.h */ = {isa = PBXFileReference; fileEncoding = 4; lastKnownFileType = sourcecode.c.h; path = "UIDevice-Versions.h"; sourceTree = "<group>"; };
		8F754B4C166D5D0600F74DBB /* UIDevice-Versions.m */ = {isa = PBXFileReference; fileEncoding = 4; lastKnownFileType = sourcecode.c.objc; path = "UIDevice-Versions.m"; sourceTree = "<group>"; };
		8F754B4E166D5D5500F74DBB /* MobileCoreServices.framework */ = {isa = PBXFileReference; lastKnownFileType = wrapper.framework; name = MobileCoreServices.framework; path = System/Library/Frameworks/MobileCoreServices.framework; sourceTree = SDKROOT; };
		8F754B50166D5D6B00F74DBB /* SystemConfiguration.framework */ = {isa = PBXFileReference; lastKnownFileType = wrapper.framework; name = SystemConfiguration.framework; path = System/Library/Frameworks/SystemConfiguration.framework; sourceTree = SDKROOT; };
		8F754B63166D73B000F74DBB /* Conference.h */ = {isa = PBXFileReference; fileEncoding = 4; lastKnownFileType = sourcecode.c.h; path = Conference.h; sourceTree = "<group>"; };
		8F754B64166D73B000F74DBB /* Conference.m */ = {isa = PBXFileReference; fileEncoding = 4; lastKnownFileType = sourcecode.c.objc; path = Conference.m; sourceTree = "<group>"; };
		8F754B65166D73B000F74DBB /* Day.h */ = {isa = PBXFileReference; fileEncoding = 4; lastKnownFileType = sourcecode.c.h; path = Day.h; sourceTree = "<group>"; };
		8F754B66166D73B000F74DBB /* Day.m */ = {isa = PBXFileReference; fileEncoding = 4; lastKnownFileType = sourcecode.c.objc; path = Day.m; sourceTree = "<group>"; };
		8F754B67166D73B000F74DBB /* Event.h */ = {isa = PBXFileReference; fileEncoding = 4; lastKnownFileType = sourcecode.c.h; path = Event.h; sourceTree = "<group>"; };
		8F754B68166D73B000F74DBB /* Event.m */ = {isa = PBXFileReference; fileEncoding = 4; lastKnownFileType = sourcecode.c.objc; path = Event.m; sourceTree = "<group>"; };
		8F754B69166D73B000F74DBB /* Link.h */ = {isa = PBXFileReference; fileEncoding = 4; lastKnownFileType = sourcecode.c.h; path = Link.h; sourceTree = "<group>"; };
		8F754B6A166D73B000F74DBB /* Link.m */ = {isa = PBXFileReference; fileEncoding = 4; lastKnownFileType = sourcecode.c.objc; path = Link.m; sourceTree = "<group>"; };
		8F754B6B166D73B000F74DBB /* BarfBagParser.h */ = {isa = PBXFileReference; fileEncoding = 4; lastKnownFileType = sourcecode.c.h; path = BarfBagParser.h; sourceTree = "<group>"; };
		8F754B6C166D73B000F74DBB /* BarfBagParser.m */ = {isa = PBXFileReference; fileEncoding = 4; lastKnownFileType = sourcecode.c.objc; path = BarfBagParser.m; sourceTree = "<group>"; };
		8F754B6D166D73B000F74DBB /* Person.h */ = {isa = PBXFileReference; fileEncoding = 4; lastKnownFileType = sourcecode.c.h; path = Person.h; sourceTree = "<group>"; };
		8F754B6E166D73B000F74DBB /* Person.m */ = {isa = PBXFileReference; fileEncoding = 4; lastKnownFileType = sourcecode.c.objc; path = Person.m; sourceTree = "<group>"; };
		8F754B75166D77E500F74DBB /* RegexKitLite.h */ = {isa = PBXFileReference; fileEncoding = 4; lastKnownFileType = sourcecode.c.h; path = RegexKitLite.h; sourceTree = "<group>"; };
		8F754B76166D77E700F74DBB /* RegexKitLite.m */ = {isa = PBXFileReference; fileEncoding = 4; lastKnownFileType = sourcecode.c.objc; path = RegexKitLite.m; sourceTree = "<group>"; };
		8F754B78166D7B4100F74DBB /* libicucore.dylib */ = {isa = PBXFileReference; lastKnownFileType = "compiled.mach-o.dylib"; name = libicucore.dylib; path = usr/lib/libicucore.dylib; sourceTree = SDKROOT; };
		8F754B8D166E828700F74DBB /* NSString-Toolkit.h */ = {isa = PBXFileReference; fileEncoding = 4; lastKnownFileType = sourcecode.c.h; path = "NSString-Toolkit.h"; sourceTree = "<group>"; };
		8F754B8E166E828700F74DBB /* NSString-Toolkit.m */ = {isa = PBXFileReference; fileEncoding = 4; lastKnownFileType = sourcecode.c.objc; path = "NSString-Toolkit.m"; sourceTree = "<group>"; };
/* End PBXFileReference section */

/* Begin PBXFrameworksBuildPhase section */
		8F356525166B937C00814549 /* Frameworks */ = {
			isa = PBXFrameworksBuildPhase;
			buildActionMask = 2147483647;
			files = (
				8F754B79166D7B4200F74DBB /* libicucore.dylib in Frameworks */,
				8F754B51166D5D6B00F74DBB /* SystemConfiguration.framework in Frameworks */,
				8F754B4F166D5D5500F74DBB /* MobileCoreServices.framework in Frameworks */,
				8F35652D166B937C00814549 /* UIKit.framework in Frameworks */,
				8F35652F166B937C00814549 /* Foundation.framework in Frameworks */,
				8F356531166B937C00814549 /* CoreGraphics.framework in Frameworks */,
			);
			runOnlyForDeploymentPostprocessing = 0;
		};
/* End PBXFrameworksBuildPhase section */

/* Begin PBXGroup section */
		8F35651D166B937C00814549 = {
			isa = PBXGroup;
			children = (
				8F35653A166B937C00814549 /* barfbag-Prefix.pch */,
				8F356532166B937C00814549 /* barfbag */,
				8F35652B166B937C00814549 /* Frameworks */,
				8F356529166B937C00814549 /* Products */,
			);
			sourceTree = "<group>";
		};
		8F356529166B937C00814549 /* Products */ = {
			isa = PBXGroup;
			children = (
				8F356528166B937C00814549 /* barfbag.app */,
			);
			name = Products;
			sourceTree = "<group>";
		};
		8F35652B166B937C00814549 /* Frameworks */ = {
			isa = PBXGroup;
			children = (
				8F754B78166D7B4100F74DBB /* libicucore.dylib */,
				8F754B50166D5D6B00F74DBB /* SystemConfiguration.framework */,
				8F754B4E166D5D5500F74DBB /* MobileCoreServices.framework */,
				8F35652C166B937C00814549 /* UIKit.framework */,
				8F35652E166B937C00814549 /* Foundation.framework */,
				8F356530166B937C00814549 /* CoreGraphics.framework */,
			);
			name = Frameworks;
			sourceTree = "<group>";
		};
		8F356532166B937C00814549 /* barfbag */ = {
			isa = PBXGroup;
			children = (
				8F754B21166C2F0800F74DBB /* categories */,
				8F754AF5166C1F1B00F74DBB /* Classes */,
				8F356533166B937C00814549 /* Resources */,
			);
			path = barfbag;
			sourceTree = "<group>";
		};
		8F356533166B937C00814549 /* Resources */ = {
			isa = PBXGroup;
			children = (
				8F356534166B937C00814549 /* barfbag-Info.plist */,
				8F356535166B937C00814549 /* InfoPlist.strings */,
				8F356538166B937C00814549 /* main.m */,
				8F754AE2166C1E5F00F74DBB /* fonts */,
				8F754AC7166B93A800F74DBB /* images */,
			);
			name = Resources;
			sourceTree = "<group>";
		};
		8F754AC7166B93A800F74DBB /* images */ = {
			isa = PBXGroup;
			children = (
				8F754B00166C221600F74DBB /* plan.png */,
				8F754B01166C221600F74DBB /* plan@2x.png */,
				8F754B02166C221600F74DBB /* settings.png */,
				8F754B03166C221600F74DBB /* settings@2x.png */,
				8F754AC9166B93F000F74DBB /* Icon_57.png */,
				8F754ACA166B93F000F74DBB /* Icon_72.png */,
				8F754ACB166B93F000F74DBB /* Icon_114.png */,
				8F754ACC166B93F000F74DBB /* Icon_144.png */,
				8F754ACD166B93F000F74DBB /* Icon_1024.png */,
				8F35653E166B937C00814549 /* Default.png */,
				8F356540166B937C00814549 /* Default@2x.png */,
				8F356542166B937C00814549 /* Default-568h@2x.png */,
			);
			name = images;
			sourceTree = "<group>";
		};
		8F754AE2166C1E5F00F74DBB /* fonts */ = {
			isa = PBXGroup;
			children = (
				8F754AE3166C1E5F00F74DBB /* LICENSE.txt */,
				8F754AE4166C1E5F00F74DBB /* ReadMe.html */,
				8F754AE5166C1E5F00F74DBB /* SourceCodePro-Black.ttf */,
				8F754AE6166C1E5F00F74DBB /* SourceCodePro-Bold.ttf */,
				8F754AE7166C1E5F00F74DBB /* SourceCodePro-ExtraLight.ttf */,
				8F754AE8166C1E5F00F74DBB /* SourceCodePro-Light.ttf */,
				8F754AE9166C1E5F00F74DBB /* SourceCodePro-Regular.ttf */,
				8F754AEA166C1E5F00F74DBB /* SourceCodePro-Semibold.ttf */,
				8F754AEB166C1E5F00F74DBB /* SourceCodeProReadMe.html */,
			);
			path = fonts;
			sourceTree = SOURCE_ROOT;
		};
		8F754AF5166C1F1B00F74DBB /* Classes */ = {
			isa = PBXGroup;
			children = (
				8F754B75166D77E500F74DBB /* RegexKitLite.h */,
				8F754B76166D77E700F74DBB /* RegexKitLite.m */,
				8F754B37166D556500F74DBB /* SinaURLConnection */,
				8F754B32166D4D3F00F74DBB /* XML processing */,
				8F35653B166B937C00814549 /* AppDelegate.h */,
				8F35653C166B937C00814549 /* AppDelegate.m */,
				8F754B29166C36A000F74DBB /* GenericViewController.h */,
				8F754B2A166C36A000F74DBB /* GenericViewController.m */,
				8F754B08166C22A100F74DBB /* WelcomeViewController.h */,
				8F754B09166C22A100F74DBB /* WelcomeViewController.m */,
				8F754B0A166C22A100F74DBB /* WelcomeViewController.xib */,
				8F754B16166C2AF700F74DBB /* Fahrplan */,
				8F754B17166C2AFF00F74DBB /* Settings */,
			);
			name = Classes;
			sourceTree = "<group>";
		};
		8F754B16166C2AF700F74DBB /* Fahrplan */ = {
			isa = PBXGroup;
			children = (
				8F754AF6166C1F4300F74DBB /* FahrplanViewController.h */,
				8F754AF7166C1F4300F74DBB /* FahrplanViewController.m */,
				8F754AF8166C1F4300F74DBB /* FahrplanViewController.xib */,
				8F754B11166C279800F74DBB /* EventsViewController.h */,
				8F754B12166C279800F74DBB /* EventsViewController.m */,
				8F754B13166C279800F74DBB /* EventsViewController.xib */,
			);
			name = Fahrplan;
			sourceTree = "<group>";
		};
		8F754B17166C2AFF00F74DBB /* Settings */ = {
			isa = PBXGroup;
			children = (
				8F754AFB166C1F6D00F74DBB /* SettingsViewController.h */,
				8F754AFC166C1F6D00F74DBB /* SettingsViewController.m */,
				8F754AFD166C1F6D00F74DBB /* SettingsViewController.xib */,
				8F754B18166C2B5C00F74DBB /* StandardSettingsViewController.h */,
				8F754B19166C2B5C00F74DBB /* StandardSettingsViewController.m */,
				8F754B1A166C2B5C00F74DBB /* StandardSettingsViewController.xib */,
			);
			name = Settings;
			sourceTree = "<group>";
		};
		8F754B21166C2F0800F74DBB /* categories */ = {
			isa = PBXGroup;
			children = (
				8F754B8D166E828700F74DBB /* NSString-Toolkit.h */,
				8F754B8E166E828700F74DBB /* NSString-Toolkit.m */,
				8F754B22166C2F0800F74DBB /* UIColor-Expanded.h */,
				8F754B23166C2F0800F74DBB /* UIColor-Expanded.m */,
				8F754B4B166D5D0600F74DBB /* UIDevice-Versions.h */,
				8F754B4C166D5D0600F74DBB /* UIDevice-Versions.m */,
			);
			path = categories;
			sourceTree = SOURCE_ROOT;
		};
		8F754B32166D4D3F00F74DBB /* XML processing */ = {
			isa = PBXGroup;
			children = (
				8F754B6B166D73B000F74DBB /* BarfBagParser.h */,
				8F754B6C166D73B000F74DBB /* BarfBagParser.m */,
				8F754B63166D73B000F74DBB /* Conference.h */,
				8F754B64166D73B000F74DBB /* Conference.m */,
				8F754B65166D73B000F74DBB /* Day.h */,
				8F754B66166D73B000F74DBB /* Day.m */,
				8F754B67166D73B000F74DBB /* Event.h */,
				8F754B68166D73B000F74DBB /* Event.m */,
				8F754B69166D73B000F74DBB /* Link.h */,
				8F754B6A166D73B000F74DBB /* Link.m */,
				8F754B6D166D73B000F74DBB /* Person.h */,
				8F754B6E166D73B000F74DBB /* Person.m */,
			);
			name = "XML processing";
			sourceTree = "<group>";
		};
		8F754B37166D556500F74DBB /* SinaURLConnection */ = {
			isa = PBXGroup;
			children = (
				8F754B38166D556600F74DBB /* SinaURLConnection.h */,
				8F754B39166D556600F74DBB /* SinaURLConnection.m */,
			);
			path = SinaURLConnection;
			sourceTree = "<group>";
		};
/* End PBXGroup section */

/* Begin PBXNativeTarget section */
		8F356527166B937C00814549 /* barfbag */ = {
			isa = PBXNativeTarget;
			buildConfigurationList = 8F356560166B937C00814549 /* Build configuration list for PBXNativeTarget "barfbag" */;
			buildPhases = (
				8F356524166B937C00814549 /* Sources */,
				8F356525166B937C00814549 /* Frameworks */,
				8F356526166B937C00814549 /* Resources */,
			);
			buildRules = (
			);
			dependencies = (
			);
			name = barfbag;
			productName = barfbag;
			productReference = 8F356528166B937C00814549 /* barfbag.app */;
			productType = "com.apple.product-type.application";
		};
/* End PBXNativeTarget section */

/* Begin PBXProject section */
		8F35651F166B937C00814549 /* Project object */ = {
			isa = PBXProject;
			attributes = {
				LastUpgradeCheck = 0450;
				ORGANIZATIONNAME = appdoctors;
			};
			buildConfigurationList = 8F356522166B937C00814549 /* Build configuration list for PBXProject "barfbag" */;
			compatibilityVersion = "Xcode 3.2";
			developmentRegion = English;
			hasScannedForEncodings = 0;
			knownRegions = (
				en,
			);
			mainGroup = 8F35651D166B937C00814549;
			productRefGroup = 8F356529166B937C00814549 /* Products */;
			projectDirPath = "";
			projectRoot = "";
			targets = (
				8F356527166B937C00814549 /* barfbag */,
			);
		};
/* End PBXProject section */

/* Begin PBXResourcesBuildPhase section */
		8F356526166B937C00814549 /* Resources */ = {
			isa = PBXResourcesBuildPhase;
			buildActionMask = 2147483647;
			files = (
				8F356537166B937C00814549 /* InfoPlist.strings in Resources */,
				8F35653F166B937C00814549 /* Default.png in Resources */,
				8F356541166B937C00814549 /* Default@2x.png in Resources */,
				8F356543166B937C00814549 /* Default-568h@2x.png in Resources */,
				8F754ACF166B93F000F74DBB /* Icon_57.png in Resources */,
				8F754AD0166B93F000F74DBB /* Icon_72.png in Resources */,
				8F754AD1166B93F000F74DBB /* Icon_114.png in Resources */,
				8F754AD2166B93F000F74DBB /* Icon_144.png in Resources */,
				8F754AD3166B93F000F74DBB /* Icon_1024.png in Resources */,
				8F754AEE166C1E5F00F74DBB /* SourceCodePro-Black.ttf in Resources */,
				8F754AEF166C1E5F00F74DBB /* SourceCodePro-Bold.ttf in Resources */,
				8F754AF0166C1E5F00F74DBB /* SourceCodePro-ExtraLight.ttf in Resources */,
				8F754AF1166C1E5F00F74DBB /* SourceCodePro-Light.ttf in Resources */,
				8F754AF2166C1E5F00F74DBB /* SourceCodePro-Regular.ttf in Resources */,
				8F754AF3166C1E5F00F74DBB /* SourceCodePro-Semibold.ttf in Resources */,
				8F754AFA166C1F4300F74DBB /* FahrplanViewController.xib in Resources */,
				8F754AFF166C1F6D00F74DBB /* SettingsViewController.xib in Resources */,
				8F754B04166C221600F74DBB /* plan.png in Resources */,
				8F754B05166C221600F74DBB /* plan@2x.png in Resources */,
				8F754B06166C221600F74DBB /* settings.png in Resources */,
				8F754B07166C221600F74DBB /* settings@2x.png in Resources */,
				8F754B0C166C22A100F74DBB /* WelcomeViewController.xib in Resources */,
				8F754B15166C279800F74DBB /* EventsViewController.xib in Resources */,
				8F754B1C166C2B5C00F74DBB /* StandardSettingsViewController.xib in Resources */,
			);
			runOnlyForDeploymentPostprocessing = 0;
		};
/* End PBXResourcesBuildPhase section */

/* Begin PBXSourcesBuildPhase section */
		8F356524166B937C00814549 /* Sources */ = {
			isa = PBXSourcesBuildPhase;
			buildActionMask = 2147483647;
			files = (
				8F356539166B937C00814549 /* main.m in Sources */,
				8F35653D166B937C00814549 /* AppDelegate.m in Sources */,
				8F754AF9166C1F4300F74DBB /* FahrplanViewController.m in Sources */,
				8F754AFE166C1F6D00F74DBB /* SettingsViewController.m in Sources */,
				8F754B0B166C22A100F74DBB /* WelcomeViewController.m in Sources */,
				8F754B14166C279800F74DBB /* EventsViewController.m in Sources */,
				8F754B1B166C2B5C00F74DBB /* StandardSettingsViewController.m in Sources */,
				8F754B24166C2F0800F74DBB /* UIColor-Expanded.m in Sources */,
				8F754B2B166C36A100F74DBB /* GenericViewController.m in Sources */,
				8F754B3A166D556600F74DBB /* SinaURLConnection.m in Sources */,
				8F754B4D166D5D0600F74DBB /* UIDevice-Versions.m in Sources */,
				8F754B6F166D73B000F74DBB /* Conference.m in Sources */,
				8F754B70166D73B000F74DBB /* Day.m in Sources */,
				8F754B71166D73B000F74DBB /* Event.m in Sources */,
				8F754B72166D73B000F74DBB /* Link.m in Sources */,
				8F754B73166D73B000F74DBB /* BarfBagParser.m in Sources */,
				8F754B74166D73B000F74DBB /* Person.m in Sources */,
				8F754B77166D77E700F74DBB /* RegexKitLite.m in Sources */,
				8F754B8F166E828700F74DBB /* NSString-Toolkit.m in Sources */,
			);
			runOnlyForDeploymentPostprocessing = 0;
		};
/* End PBXSourcesBuildPhase section */

/* Begin PBXVariantGroup section */
		8F356535166B937C00814549 /* InfoPlist.strings */ = {
			isa = PBXVariantGroup;
			children = (
				8F356536166B937C00814549 /* en */,
			);
			name = InfoPlist.strings;
			sourceTree = "<group>";
		};
/* End PBXVariantGroup section */

/* Begin XCBuildConfiguration section */
		8F35655E166B937C00814549 /* Debug */ = {
			isa = XCBuildConfiguration;
			buildSettings = {
				ALWAYS_SEARCH_USER_PATHS = NO;
				CLANG_CXX_LANGUAGE_STANDARD = "gnu++0x";
				CLANG_CXX_LIBRARY = "libc++";
				CLANG_WARN_EMPTY_BODY = YES;
				CLANG_WARN__DUPLICATE_METHOD_MATCH = YES;
				"CODE_SIGN_IDENTITY[sdk=iphoneos*]" = "iPhone Developer";
				COPY_PHASE_STRIP = NO;
				GCC_C_LANGUAGE_STANDARD = gnu99;
				GCC_DYNAMIC_NO_PIC = NO;
				GCC_OPTIMIZATION_LEVEL = 0;
				GCC_PREPROCESSOR_DEFINITIONS = (
					"DEBUG=1",
					"$(inherited)",
				);
				GCC_SYMBOLS_PRIVATE_EXTERN = NO;
				GCC_WARN_ABOUT_RETURN_TYPE = YES;
				GCC_WARN_UNINITIALIZED_AUTOS = YES;
				GCC_WARN_UNUSED_VARIABLE = YES;
				IPHONEOS_DEPLOYMENT_TARGET = 4.3;
				ONLY_ACTIVE_ARCH = YES;
				SDKROOT = iphoneos;
				TARGETED_DEVICE_FAMILY = "1,2";
			};
			name = Debug;
		};
		8F35655F166B937C00814549 /* Release */ = {
			isa = XCBuildConfiguration;
			buildSettings = {
				ALWAYS_SEARCH_USER_PATHS = NO;
				CLANG_CXX_LANGUAGE_STANDARD = "gnu++0x";
				CLANG_CXX_LIBRARY = "libc++";
				CLANG_WARN_EMPTY_BODY = YES;
				CLANG_WARN__DUPLICATE_METHOD_MATCH = YES;
				"CODE_SIGN_IDENTITY[sdk=iphoneos*]" = "iPhone Developer";
				COPY_PHASE_STRIP = YES;
				GCC_C_LANGUAGE_STANDARD = gnu99;
				GCC_WARN_ABOUT_RETURN_TYPE = YES;
				GCC_WARN_UNINITIALIZED_AUTOS = YES;
				GCC_WARN_UNUSED_VARIABLE = YES;
				IPHONEOS_DEPLOYMENT_TARGET = 4.3;
				OTHER_CFLAGS = "-DNS_BLOCK_ASSERTIONS=1";
				SDKROOT = iphoneos;
				TARGETED_DEVICE_FAMILY = "1,2";
				VALIDATE_PRODUCT = YES;
			};
			name = Release;
		};
		8F356561166B937C00814549 /* Debug */ = {
			isa = XCBuildConfiguration;
			buildSettings = {
				GCC_PRECOMPILE_PREFIX_HEADER = YES;
				GCC_PREFIX_HEADER = "barfbag/barfbag-Prefix.pch";
				INFOPLIST_FILE = "barfbag/barfbag-Info.plist";
				PRODUCT_NAME = "$(TARGET_NAME)";
				WRAPPER_EXTENSION = app;
			};
			name = Debug;
		};
		8F356562166B937C00814549 /* Release */ = {
			isa = XCBuildConfiguration;
			buildSettings = {
				GCC_PRECOMPILE_PREFIX_HEADER = YES;
				GCC_PREFIX_HEADER = "barfbag/barfbag-Prefix.pch";
				INFOPLIST_FILE = "barfbag/barfbag-Info.plist";
				PRODUCT_NAME = "$(TARGET_NAME)";
				WRAPPER_EXTENSION = app;
			};
			name = Release;
		};
/* End XCBuildConfiguration section */

/* Begin XCConfigurationList section */
		8F356522166B937C00814549 /* Build configuration list for PBXProject "barfbag" */ = {
			isa = XCConfigurationList;
			buildConfigurations = (
				8F35655E166B937C00814549 /* Debug */,
				8F35655F166B937C00814549 /* Release */,
			);
			defaultConfigurationIsVisible = 0;
			defaultConfigurationName = Release;
		};
		8F356560166B937C00814549 /* Build configuration list for PBXNativeTarget "barfbag" */ = {
			isa = XCConfigurationList;
			buildConfigurations = (
				8F356561166B937C00814549 /* Debug */,
				8F356562166B937C00814549 /* Release */,
			);
			defaultConfigurationIsVisible = 0;
			defaultConfigurationName = Release;
		};
/* End XCConfigurationList section */
	};
	rootObject = 8F35651F166B937C00814549 /* Project object */;
}
